// !$*UTF8*$!
{
	archiveVersion = 1;
	classes = {
	};
	objectVersion = 46;
	objects = {

/* Begin PBXBuildFile section */
		2041110F5480CF3C094940A8 /* Pods_TrueCallerDemo.framework in Frameworks */ = {isa = PBXBuildFile; fileRef = A11971B715B45E736ED76AEB /* Pods_TrueCallerDemo.framework */; };
		EA2BD3A21F2735D400CC2572 /* PhoneViewController.m in Sources */ = {isa = PBXBuildFile; fileRef = EA2BD3A11F2735D400CC2572 /* PhoneViewController.m */; };
		EA5EE7451F301BFF00B30AF2 /* CallDirectoryHandler.m in Sources */ = {isa = PBXBuildFile; fileRef = EA5EE7441F301BFF00B30AF2 /* CallDirectoryHandler.m */; };
		EA5EE7491F301BFF00B30AF2 /* TrueCaller.appex in Embed App Extensions */ = {isa = PBXBuildFile; fileRef = EA5EE7411F301BFF00B30AF2 /* TrueCaller.appex */; settings = {ATTRIBUTES = (RemoveHeadersOnCopy, ); }; };
		EA6022311F259757001591BC /* main.m in Sources */ = {isa = PBXBuildFile; fileRef = EA6022301F259757001591BC /* main.m */; };
		EA6022341F259757001591BC /* AppDelegate.m in Sources */ = {isa = PBXBuildFile; fileRef = EA6022331F259757001591BC /* AppDelegate.m */; };
		EA6022371F259757001591BC /* ViewController.m in Sources */ = {isa = PBXBuildFile; fileRef = EA6022361F259757001591BC /* ViewController.m */; };
		EA60223A1F259757001591BC /* Main.storyboard in Resources */ = {isa = PBXBuildFile; fileRef = EA6022381F259757001591BC /* Main.storyboard */; };
		EA60223F1F259757001591BC /* LaunchScreen.storyboard in Resources */ = {isa = PBXBuildFile; fileRef = EA60223D1F259757001591BC /* LaunchScreen.storyboard */; };
		EA60224A1F259757001591BC /* TrueCallerDemoTests.m in Sources */ = {isa = PBXBuildFile; fileRef = EA6022491F259757001591BC /* TrueCallerDemoTests.m */; };
		EA6022551F259757001591BC /* TrueCallerDemoUITests.m in Sources */ = {isa = PBXBuildFile; fileRef = EA6022541F259757001591BC /* TrueCallerDemoUITests.m */; };
		EA60226A1F25A133001591BC /* FriendsTableViewController.m in Sources */ = {isa = PBXBuildFile; fileRef = EA6022681F25A133001591BC /* FriendsTableViewController.m */; };
		EA60226E1F25A14D001591BC /* ResultTableViewController.m in Sources */ = {isa = PBXBuildFile; fileRef = EA60226D1F25A14D001591BC /* ResultTableViewController.m */; };
		EA6022721F25A166001591BC /* ContactCache.m in Sources */ = {isa = PBXBuildFile; fileRef = EA6022711F25A166001591BC /* ContactCache.m */; };
		EA6022761F25A1B0001591BC /* ContactBook.m in Sources */ = {isa = PBXBuildFile; fileRef = EA6022751F25A1B0001591BC /* ContactBook.m */; };
		EA60227E1F25A1C3001591BC /* ContactTableViewCell.m in Sources */ = {isa = PBXBuildFile; fileRef = EA6022791F25A1C3001591BC /* ContactTableViewCell.m */; };
		EA60227F1F25A1C3001591BC /* ContactCellObject.m in Sources */ = {isa = PBXBuildFile; fileRef = EA60227B1F25A1C3001591BC /* ContactCellObject.m */; };
		EA6022801F25A1C3001591BC /* FriendContactCellObject.m in Sources */ = {isa = PBXBuildFile; fileRef = EA60227D1F25A1C3001591BC /* FriendContactCellObject.m */; };
		EA6022841F25A1DC001591BC /* ContactEntity.m in Sources */ = {isa = PBXBuildFile; fileRef = EA6022831F25A1DC001591BC /* ContactEntity.m */; };
		EA60229F1F25A280001591BC /* NICellCatalog.m in Sources */ = {isa = PBXBuildFile; fileRef = EA6022891F25A280001591BC /* NICellCatalog.m */; };
		EA6022A01F25A280001591BC /* NICellFactory.m in Sources */ = {isa = PBXBuildFile; fileRef = EA60228B1F25A280001591BC /* NICellFactory.m */; };
		EA6022A11F25A280001591BC /* NIFormCellCatalog.m in Sources */ = {isa = PBXBuildFile; fileRef = EA60228E1F25A280001591BC /* NIFormCellCatalog.m */; };
		EA6022A21F25A280001591BC /* NIMutableTableViewModel.m in Sources */ = {isa = PBXBuildFile; fileRef = EA6022911F25A280001591BC /* NIMutableTableViewModel.m */; };
		EA6022A31F25A280001591BC /* NICellBackgrounds.m in Sources */ = {isa = PBXBuildFile; fileRef = EA6022941F25A280001591BC /* NICellBackgrounds.m */; };
		EA6022A41F25A280001591BC /* NIRadioGroup.m in Sources */ = {isa = PBXBuildFile; fileRef = EA6022971F25A280001591BC /* NIRadioGroup.m */; };
		EA6022A51F25A280001591BC /* NIRadioGroupController.m in Sources */ = {isa = PBXBuildFile; fileRef = EA6022991F25A280001591BC /* NIRadioGroupController.m */; };
		EA6022A61F25A280001591BC /* NITableViewActions.m in Sources */ = {isa = PBXBuildFile; fileRef = EA60229B1F25A280001591BC /* NITableViewActions.m */; };
		EA6022A71F25A280001591BC /* NITableViewModel.m in Sources */ = {isa = PBXBuildFile; fileRef = EA60229D1F25A280001591BC /* NITableViewModel.m */; };
		EA6022D51F25A2A3001591BC /* NIActions.m in Sources */ = {isa = PBXBuildFile; fileRef = EA6022A91F25A2A3001591BC /* NIActions.m */; };
		EA6022D61F25A2A3001591BC /* NIButtonUtilities.m in Sources */ = {isa = PBXBuildFile; fileRef = EA6022AC1F25A2A3001591BC /* NIButtonUtilities.m */; };
		EA6022D71F25A2A3001591BC /* NICommonMetrics.m in Sources */ = {isa = PBXBuildFile; fileRef = EA6022AE1F25A2A3001591BC /* NICommonMetrics.m */; };
		EA6022D81F25A2A3001591BC /* NIDebuggingTools.m in Sources */ = {isa = PBXBuildFile; fileRef = EA6022B01F25A2A3001591BC /* NIDebuggingTools.m */; };
		EA6022D91F25A2A3001591BC /* NIDeviceOrientation.m in Sources */ = {isa = PBXBuildFile; fileRef = EA6022B21F25A2A3001591BC /* NIDeviceOrientation.m */; };
		EA6022DA1F25A2A3001591BC /* NIError.m in Sources */ = {isa = PBXBuildFile; fileRef = EA6022B41F25A2A3001591BC /* NIError.m */; };
		EA6022DB1F25A2A3001591BC /* NIFoundationMethods.m in Sources */ = {isa = PBXBuildFile; fileRef = EA6022B61F25A2A3001591BC /* NIFoundationMethods.m */; };
		EA6022DC1F25A2A3001591BC /* NIImageUtilities.m in Sources */ = {isa = PBXBuildFile; fileRef = EA6022B81F25A2A3001591BC /* NIImageUtilities.m */; };
		EA6022DD1F25A2A3001591BC /* NIInMemoryCache.m in Sources */ = {isa = PBXBuildFile; fileRef = EA6022BA1F25A2A3001591BC /* NIInMemoryCache.m */; };
		EA6022DE1F25A2A3001591BC /* NINetworkActivity.m in Sources */ = {isa = PBXBuildFile; fileRef = EA6022BE1F25A2A3001591BC /* NINetworkActivity.m */; };
		EA6022DF1F25A2A3001591BC /* NINonEmptyCollectionTesting.m in Sources */ = {isa = PBXBuildFile; fileRef = EA6022C01F25A2A3001591BC /* NINonEmptyCollectionTesting.m */; };
		EA6022E01F25A2A3001591BC /* NINonRetainingCollections.m in Sources */ = {isa = PBXBuildFile; fileRef = EA6022C21F25A2A3001591BC /* NINonRetainingCollections.m */; };
		EA6022E11F25A2A3001591BC /* NIOperations.m in Sources */ = {isa = PBXBuildFile; fileRef = EA6022C41F25A2A3001591BC /* NIOperations.m */; };
		EA6022E21F25A2A3001591BC /* NIPaths.m in Sources */ = {isa = PBXBuildFile; fileRef = EA6022C71F25A2A3001591BC /* NIPaths.m */; };
		EA6022E31F25A2A3001591BC /* NIRuntimeClassModifications.m in Sources */ = {isa = PBXBuildFile; fileRef = EA6022CA1F25A2A3001591BC /* NIRuntimeClassModifications.m */; };
		EA6022E41F25A2A3001591BC /* NISDKAvailability.m in Sources */ = {isa = PBXBuildFile; fileRef = EA6022CC1F25A2A3001591BC /* NISDKAvailability.m */; };
		EA6022E51F25A2A3001591BC /* NISnapshotRotation.m in Sources */ = {isa = PBXBuildFile; fileRef = EA6022CE1F25A2A3001591BC /* NISnapshotRotation.m */; };
		EA6022E61F25A2A3001591BC /* NIState.m in Sources */ = {isa = PBXBuildFile; fileRef = EA6022D01F25A2A3001591BC /* NIState.m */; };
		EA6022E71F25A2A3001591BC /* NIViewRecycler.m in Sources */ = {isa = PBXBuildFile; fileRef = EA6022D21F25A2A3001591BC /* NIViewRecycler.m */; };
		EA6022E81F25A2A3001591BC /* UIResponder+NimbusCore.m in Sources */ = {isa = PBXBuildFile; fileRef = EA6022D41F25A2A3001591BC /* UIResponder+NimbusCore.m */; };
		EA6022EF1F25CFD0001591BC /* Assets.xcassets in Resources */ = {isa = PBXBuildFile; fileRef = EA6022EE1F25CFD0001591BC /* Assets.xcassets */; };
		EABC39921F298AB700335C8E /* Ringtone.mp3 in Resources */ = {isa = PBXBuildFile; fileRef = EABC398E1F298AB700335C8E /* Ringtone.mp3 */; };
		EABC39931F298AB700335C8E /* Ringtone.caf in Resources */ = {isa = PBXBuildFile; fileRef = EABC398F1F298AB700335C8E /* Ringtone.caf */; };
		EABC39941F298AB700335C8E /* Audio.m in Sources */ = {isa = PBXBuildFile; fileRef = EABC39911F298AB700335C8E /* Audio.m */; };
		EABC39971F298AFB00335C8E /* Accelerate.framework in Frameworks */ = {isa = PBXBuildFile; fileRef = EABC39961F298AFB00335C8E /* Accelerate.framework */; };
		EABC39991F298B0200335C8E /* CallKit.framework in Frameworks */ = {isa = PBXBuildFile; fileRef = EABC39981F298B0200335C8E /* CallKit.framework */; };
		EABC399B1F298B0900335C8E /* Intents.framework in Frameworks */ = {isa = PBXBuildFile; fileRef = EABC399A1F298B0900335C8E /* Intents.framework */; };
		EABC399D1F298B1000335C8E /* PushKit.framework in Frameworks */ = {isa = PBXBuildFile; fileRef = EABC399C1F298B1000335C8E /* PushKit.framework */; };
		EABC39A01F2990A800335C8E /* CallManager.m in Sources */ = {isa = PBXBuildFile; fileRef = EABC399F1F2990A800335C8E /* CallManager.m */; };
		EABC39A51F2990B300335C8E /* IncomingCallViewController.m in Sources */ = {isa = PBXBuildFile; fileRef = EABC39A21F2990B300335C8E /* IncomingCallViewController.m */; };
		EABC39A61F2990B300335C8E /* OutgoingCallViewController.m in Sources */ = {isa = PBXBuildFile; fileRef = EABC39A41F2990B300335C8E /* OutgoingCallViewController.m */; };
		EABC39A91F2990BA00335C8E /* CallViewController.m in Sources */ = {isa = PBXBuildFile; fileRef = EABC39A81F2990BA00335C8E /* CallViewController.m */; };
		EABC39AC1F29A70C00335C8E /* ContactsUI.framework in Frameworks */ = {isa = PBXBuildFile; fileRef = EABC39AB1F29A70C00335C8E /* ContactsUI.framework */; };
		EABC39B01F29EA5200335C8E /* TrueCallerDemoTabbarViewController.m in Sources */ = {isa = PBXBuildFile; fileRef = EABC39AF1F29EA5200335C8E /* TrueCallerDemoTabbarViewController.m */; };
		EAE9F11E1F308D8B00D8CB93 /* ContactListViewController.m in Sources */ = {isa = PBXBuildFile; fileRef = EAE9F11D1F308D8B00D8CB93 /* ContactListViewController.m */; };
/* End PBXBuildFile section */

/* Begin PBXContainerItemProxy section */
		EA5EE7471F301BFF00B30AF2 /* PBXContainerItemProxy */ = {
			isa = PBXContainerItemProxy;
			containerPortal = EA6022241F259757001591BC /* Project object */;
			proxyType = 1;
			remoteGlobalIDString = EA5EE7401F301BFF00B30AF2;
			remoteInfo = TrueCaller;
		};
		EA6022461F259757001591BC /* PBXContainerItemProxy */ = {
			isa = PBXContainerItemProxy;
			containerPortal = EA6022241F259757001591BC /* Project object */;
			proxyType = 1;
			remoteGlobalIDString = EA60222B1F259757001591BC;
			remoteInfo = TrueCallerDemo;
		};
		EA6022511F259757001591BC /* PBXContainerItemProxy */ = {
			isa = PBXContainerItemProxy;
			containerPortal = EA6022241F259757001591BC /* Project object */;
			proxyType = 1;
			remoteGlobalIDString = EA60222B1F259757001591BC;
			remoteInfo = TrueCallerDemo;
		};
/* End PBXContainerItemProxy section */

/* Begin PBXCopyFilesBuildPhase section */
		EA7F13261F2F643A0030FCEC /* Embed App Extensions */ = {
			isa = PBXCopyFilesBuildPhase;
			buildActionMask = 2147483647;
			dstPath = "";
			dstSubfolderSpec = 13;
			files = (
				EA5EE7491F301BFF00B30AF2 /* TrueCaller.appex in Embed App Extensions */,
			);
			name = "Embed App Extensions";
			runOnlyForDeploymentPostprocessing = 0;
		};
/* End PBXCopyFilesBuildPhase section */

/* Begin PBXFileReference section */
		A11971B715B45E736ED76AEB /* Pods_TrueCallerDemo.framework */ = {isa = PBXFileReference; explicitFileType = wrapper.framework; includeInIndex = 0; path = Pods_TrueCallerDemo.framework; sourceTree = BUILT_PRODUCTS_DIR; };
		C26CCC43230BC489E71A1304 /* Pods-TrueCallerDemo.debug.xcconfig */ = {isa = PBXFileReference; includeInIndex = 1; lastKnownFileType = text.xcconfig; name = "Pods-TrueCallerDemo.debug.xcconfig"; path = "Pods/Target Support Files/Pods-TrueCallerDemo/Pods-TrueCallerDemo.debug.xcconfig"; sourceTree = "<group>"; };
		EA2BD3A01F2735D400CC2572 /* PhoneViewController.h */ = {isa = PBXFileReference; fileEncoding = 4; lastKnownFileType = sourcecode.c.h; path = PhoneViewController.h; sourceTree = "<group>"; };
		EA2BD3A11F2735D400CC2572 /* PhoneViewController.m */ = {isa = PBXFileReference; fileEncoding = 4; lastKnownFileType = sourcecode.c.objc; path = PhoneViewController.m; sourceTree = "<group>"; };
		EA5EE7411F301BFF00B30AF2 /* TrueCaller.appex */ = {isa = PBXFileReference; explicitFileType = "wrapper.app-extension"; includeInIndex = 0; path = TrueCaller.appex; sourceTree = BUILT_PRODUCTS_DIR; };
		EA5EE7431F301BFF00B30AF2 /* CallDirectoryHandler.h */ = {isa = PBXFileReference; lastKnownFileType = sourcecode.c.h; path = CallDirectoryHandler.h; sourceTree = "<group>"; };
		EA5EE7441F301BFF00B30AF2 /* CallDirectoryHandler.m */ = {isa = PBXFileReference; lastKnownFileType = sourcecode.c.objc; path = CallDirectoryHandler.m; sourceTree = "<group>"; };
		EA5EE7461F301BFF00B30AF2 /* Info.plist */ = {isa = PBXFileReference; lastKnownFileType = text.plist.xml; path = Info.plist; sourceTree = "<group>"; };
		EA60222C1F259757001591BC /* TrueCallerDemo.app */ = {isa = PBXFileReference; explicitFileType = wrapper.application; includeInIndex = 0; path = TrueCallerDemo.app; sourceTree = BUILT_PRODUCTS_DIR; };
		EA6022301F259757001591BC /* main.m */ = {isa = PBXFileReference; lastKnownFileType = sourcecode.c.objc; path = main.m; sourceTree = "<group>"; };
		EA6022321F259757001591BC /* AppDelegate.h */ = {isa = PBXFileReference; lastKnownFileType = sourcecode.c.h; path = AppDelegate.h; sourceTree = "<group>"; };
		EA6022331F259757001591BC /* AppDelegate.m */ = {isa = PBXFileReference; lastKnownFileType = sourcecode.c.objc; path = AppDelegate.m; sourceTree = "<group>"; };
		EA6022351F259757001591BC /* ViewController.h */ = {isa = PBXFileReference; lastKnownFileType = sourcecode.c.h; path = ViewController.h; sourceTree = "<group>"; };
		EA6022361F259757001591BC /* ViewController.m */ = {isa = PBXFileReference; lastKnownFileType = sourcecode.c.objc; path = ViewController.m; sourceTree = "<group>"; };
		EA6022391F259757001591BC /* Base */ = {isa = PBXFileReference; lastKnownFileType = file.storyboard; name = Base; path = Base.lproj/Main.storyboard; sourceTree = "<group>"; };
		EA60223E1F259757001591BC /* Base */ = {isa = PBXFileReference; lastKnownFileType = file.storyboard; name = Base; path = Base.lproj/LaunchScreen.storyboard; sourceTree = "<group>"; };
		EA6022401F259757001591BC /* Info.plist */ = {isa = PBXFileReference; lastKnownFileType = text.plist.xml; path = Info.plist; sourceTree = "<group>"; };
		EA6022451F259757001591BC /* TrueCallerDemoTests.xctest */ = {isa = PBXFileReference; explicitFileType = wrapper.cfbundle; includeInIndex = 0; path = TrueCallerDemoTests.xctest; sourceTree = BUILT_PRODUCTS_DIR; };
		EA6022491F259757001591BC /* TrueCallerDemoTests.m */ = {isa = PBXFileReference; lastKnownFileType = sourcecode.c.objc; path = TrueCallerDemoTests.m; sourceTree = "<group>"; };
		EA60224B1F259757001591BC /* Info.plist */ = {isa = PBXFileReference; lastKnownFileType = text.plist.xml; path = Info.plist; sourceTree = "<group>"; };
		EA6022501F259757001591BC /* TrueCallerDemoUITests.xctest */ = {isa = PBXFileReference; explicitFileType = wrapper.cfbundle; includeInIndex = 0; path = TrueCallerDemoUITests.xctest; sourceTree = BUILT_PRODUCTS_DIR; };
		EA6022541F259757001591BC /* TrueCallerDemoUITests.m */ = {isa = PBXFileReference; lastKnownFileType = sourcecode.c.objc; path = TrueCallerDemoUITests.m; sourceTree = "<group>"; };
		EA6022561F259757001591BC /* Info.plist */ = {isa = PBXFileReference; lastKnownFileType = text.plist.xml; path = Info.plist; sourceTree = "<group>"; };
		EA6022671F25A133001591BC /* FriendsTableViewController.h */ = {isa = PBXFileReference; fileEncoding = 4; lastKnownFileType = sourcecode.c.h; path = FriendsTableViewController.h; sourceTree = "<group>"; };
		EA6022681F25A133001591BC /* FriendsTableViewController.m */ = {isa = PBXFileReference; fileEncoding = 4; lastKnownFileType = sourcecode.c.objc; path = FriendsTableViewController.m; sourceTree = "<group>"; };
		EA60226C1F25A14D001591BC /* ResultTableViewController.h */ = {isa = PBXFileReference; fileEncoding = 4; lastKnownFileType = sourcecode.c.h; path = ResultTableViewController.h; sourceTree = "<group>"; };
		EA60226D1F25A14D001591BC /* ResultTableViewController.m */ = {isa = PBXFileReference; fileEncoding = 4; lastKnownFileType = sourcecode.c.objc; path = ResultTableViewController.m; sourceTree = "<group>"; };
		EA6022701F25A166001591BC /* ContactCache.h */ = {isa = PBXFileReference; fileEncoding = 4; lastKnownFileType = sourcecode.c.h; path = ContactCache.h; sourceTree = "<group>"; };
		EA6022711F25A166001591BC /* ContactCache.m */ = {isa = PBXFileReference; fileEncoding = 4; lastKnownFileType = sourcecode.c.objc; path = ContactCache.m; sourceTree = "<group>"; };
		EA6022741F25A1B0001591BC /* ContactBook.h */ = {isa = PBXFileReference; fileEncoding = 4; lastKnownFileType = sourcecode.c.h; path = ContactBook.h; sourceTree = "<group>"; };
		EA6022751F25A1B0001591BC /* ContactBook.m */ = {isa = PBXFileReference; fileEncoding = 4; lastKnownFileType = sourcecode.c.objc; path = ContactBook.m; sourceTree = "<group>"; };
		EA6022781F25A1C3001591BC /* ContactTableViewCell.h */ = {isa = PBXFileReference; fileEncoding = 4; lastKnownFileType = sourcecode.c.h; path = ContactTableViewCell.h; sourceTree = "<group>"; };
		EA6022791F25A1C3001591BC /* ContactTableViewCell.m */ = {isa = PBXFileReference; fileEncoding = 4; lastKnownFileType = sourcecode.c.objc; path = ContactTableViewCell.m; sourceTree = "<group>"; };
		EA60227A1F25A1C3001591BC /* ContactCellObject.h */ = {isa = PBXFileReference; fileEncoding = 4; lastKnownFileType = sourcecode.c.h; path = ContactCellObject.h; sourceTree = "<group>"; };
		EA60227B1F25A1C3001591BC /* ContactCellObject.m */ = {isa = PBXFileReference; fileEncoding = 4; lastKnownFileType = sourcecode.c.objc; path = ContactCellObject.m; sourceTree = "<group>"; };
		EA60227C1F25A1C3001591BC /* FriendContactCellObject.h */ = {isa = PBXFileReference; fileEncoding = 4; lastKnownFileType = sourcecode.c.h; path = FriendContactCellObject.h; sourceTree = "<group>"; };
		EA60227D1F25A1C3001591BC /* FriendContactCellObject.m */ = {isa = PBXFileReference; fileEncoding = 4; lastKnownFileType = sourcecode.c.objc; path = FriendContactCellObject.m; sourceTree = "<group>"; };
		EA6022821F25A1DC001591BC /* ContactEntity.h */ = {isa = PBXFileReference; fileEncoding = 4; lastKnownFileType = sourcecode.c.h; path = ContactEntity.h; sourceTree = "<group>"; };
		EA6022831F25A1DC001591BC /* ContactEntity.m */ = {isa = PBXFileReference; fileEncoding = 4; lastKnownFileType = sourcecode.c.objc; path = ContactEntity.m; sourceTree = "<group>"; };
		EA6022851F25A1EB001591BC /* Constants.h */ = {isa = PBXFileReference; lastKnownFileType = sourcecode.c.h; path = Constants.h; sourceTree = "<group>"; };
		EA6022891F25A280001591BC /* NICellCatalog.m */ = {isa = PBXFileReference; fileEncoding = 4; lastKnownFileType = sourcecode.c.objc; path = NICellCatalog.m; sourceTree = "<group>"; };
		EA60228A1F25A280001591BC /* NICellFactory.h */ = {isa = PBXFileReference; fileEncoding = 4; lastKnownFileType = sourcecode.c.h; path = NICellFactory.h; sourceTree = "<group>"; };
		EA60228B1F25A280001591BC /* NICellFactory.m */ = {isa = PBXFileReference; fileEncoding = 4; lastKnownFileType = sourcecode.c.objc; path = NICellFactory.m; sourceTree = "<group>"; };
		EA60228C1F25A280001591BC /* NICellFactory+Private.h */ = {isa = PBXFileReference; fileEncoding = 4; lastKnownFileType = sourcecode.c.h; path = "NICellFactory+Private.h"; sourceTree = "<group>"; };
		EA60228D1F25A280001591BC /* NIFormCellCatalog.h */ = {isa = PBXFileReference; fileEncoding = 4; lastKnownFileType = sourcecode.c.h; path = NIFormCellCatalog.h; sourceTree = "<group>"; };
		EA60228E1F25A280001591BC /* NIFormCellCatalog.m */ = {isa = PBXFileReference; fileEncoding = 4; lastKnownFileType = sourcecode.c.objc; path = NIFormCellCatalog.m; sourceTree = "<group>"; };
		EA60228F1F25A280001591BC /* NimbusModels.h */ = {isa = PBXFileReference; fileEncoding = 4; lastKnownFileType = sourcecode.c.h; path = NimbusModels.h; sourceTree = "<group>"; };
		EA6022901F25A280001591BC /* NIMutableTableViewModel.h */ = {isa = PBXFileReference; fileEncoding = 4; lastKnownFileType = sourcecode.c.h; path = NIMutableTableViewModel.h; sourceTree = "<group>"; };
		EA6022911F25A280001591BC /* NIMutableTableViewModel.m */ = {isa = PBXFileReference; fileEncoding = 4; lastKnownFileType = sourcecode.c.objc; path = NIMutableTableViewModel.m; sourceTree = "<group>"; };
		EA6022921F25A280001591BC /* NIMutableTableViewModel+Private.h */ = {isa = PBXFileReference; fileEncoding = 4; lastKnownFileType = sourcecode.c.h; path = "NIMutableTableViewModel+Private.h"; sourceTree = "<group>"; };
		EA6022931F25A280001591BC /* NICellBackgrounds.h */ = {isa = PBXFileReference; fileEncoding = 4; lastKnownFileType = sourcecode.c.h; path = NICellBackgrounds.h; sourceTree = "<group>"; };
		EA6022941F25A280001591BC /* NICellBackgrounds.m */ = {isa = PBXFileReference; fileEncoding = 4; lastKnownFileType = sourcecode.c.objc; path = NICellBackgrounds.m; sourceTree = "<group>"; };
		EA6022951F25A280001591BC /* NICellCatalog.h */ = {isa = PBXFileReference; fileEncoding = 4; lastKnownFileType = sourcecode.c.h; path = NICellCatalog.h; sourceTree = "<group>"; };
		EA6022961F25A280001591BC /* NIRadioGroup.h */ = {isa = PBXFileReference; fileEncoding = 4; lastKnownFileType = sourcecode.c.h; path = NIRadioGroup.h; sourceTree = "<group>"; };
		EA6022971F25A280001591BC /* NIRadioGroup.m */ = {isa = PBXFileReference; fileEncoding = 4; lastKnownFileType = sourcecode.c.objc; path = NIRadioGroup.m; sourceTree = "<group>"; };
		EA6022981F25A280001591BC /* NIRadioGroupController.h */ = {isa = PBXFileReference; fileEncoding = 4; lastKnownFileType = sourcecode.c.h; path = NIRadioGroupController.h; sourceTree = "<group>"; };
		EA6022991F25A280001591BC /* NIRadioGroupController.m */ = {isa = PBXFileReference; fileEncoding = 4; lastKnownFileType = sourcecode.c.objc; path = NIRadioGroupController.m; sourceTree = "<group>"; };
		EA60229A1F25A280001591BC /* NITableViewActions.h */ = {isa = PBXFileReference; fileEncoding = 4; lastKnownFileType = sourcecode.c.h; path = NITableViewActions.h; sourceTree = "<group>"; };
		EA60229B1F25A280001591BC /* NITableViewActions.m */ = {isa = PBXFileReference; fileEncoding = 4; lastKnownFileType = sourcecode.c.objc; path = NITableViewActions.m; sourceTree = "<group>"; };
		EA60229C1F25A280001591BC /* NITableViewModel.h */ = {isa = PBXFileReference; fileEncoding = 4; lastKnownFileType = sourcecode.c.h; path = NITableViewModel.h; sourceTree = "<group>"; };
		EA60229D1F25A280001591BC /* NITableViewModel.m */ = {isa = PBXFileReference; fileEncoding = 4; lastKnownFileType = sourcecode.c.objc; path = NITableViewModel.m; sourceTree = "<group>"; };
		EA60229E1F25A280001591BC /* NITableViewModel+Private.h */ = {isa = PBXFileReference; fileEncoding = 4; lastKnownFileType = sourcecode.c.h; path = "NITableViewModel+Private.h"; sourceTree = "<group>"; };
		EA6022A81F25A2A3001591BC /* NIActions.h */ = {isa = PBXFileReference; fileEncoding = 4; lastKnownFileType = sourcecode.c.h; path = NIActions.h; sourceTree = "<group>"; };
		EA6022A91F25A2A3001591BC /* NIActions.m */ = {isa = PBXFileReference; fileEncoding = 4; lastKnownFileType = sourcecode.c.objc; path = NIActions.m; sourceTree = "<group>"; };
		EA6022AA1F25A2A3001591BC /* NIActions+Subclassing.h */ = {isa = PBXFileReference; fileEncoding = 4; lastKnownFileType = sourcecode.c.h; path = "NIActions+Subclassing.h"; sourceTree = "<group>"; };
		EA6022AB1F25A2A3001591BC /* NIButtonUtilities.h */ = {isa = PBXFileReference; fileEncoding = 4; lastKnownFileType = sourcecode.c.h; path = NIButtonUtilities.h; sourceTree = "<group>"; };
		EA6022AC1F25A2A3001591BC /* NIButtonUtilities.m */ = {isa = PBXFileReference; fileEncoding = 4; lastKnownFileType = sourcecode.c.objc; path = NIButtonUtilities.m; sourceTree = "<group>"; };
		EA6022AD1F25A2A3001591BC /* NICommonMetrics.h */ = {isa = PBXFileReference; fileEncoding = 4; lastKnownFileType = sourcecode.c.h; path = NICommonMetrics.h; sourceTree = "<group>"; };
		EA6022AE1F25A2A3001591BC /* NICommonMetrics.m */ = {isa = PBXFileReference; fileEncoding = 4; lastKnownFileType = sourcecode.c.objc; path = NICommonMetrics.m; sourceTree = "<group>"; };
		EA6022AF1F25A2A3001591BC /* NIDebuggingTools.h */ = {isa = PBXFileReference; fileEncoding = 4; lastKnownFileType = sourcecode.c.h; path = NIDebuggingTools.h; sourceTree = "<group>"; };
		EA6022B01F25A2A3001591BC /* NIDebuggingTools.m */ = {isa = PBXFileReference; fileEncoding = 4; lastKnownFileType = sourcecode.c.objc; path = NIDebuggingTools.m; sourceTree = "<group>"; };
		EA6022B11F25A2A3001591BC /* NIDeviceOrientation.h */ = {isa = PBXFileReference; fileEncoding = 4; lastKnownFileType = sourcecode.c.h; path = NIDeviceOrientation.h; sourceTree = "<group>"; };
		EA6022B21F25A2A3001591BC /* NIDeviceOrientation.m */ = {isa = PBXFileReference; fileEncoding = 4; lastKnownFileType = sourcecode.c.objc; path = NIDeviceOrientation.m; sourceTree = "<group>"; };
		EA6022B31F25A2A3001591BC /* NIError.h */ = {isa = PBXFileReference; fileEncoding = 4; lastKnownFileType = sourcecode.c.h; path = NIError.h; sourceTree = "<group>"; };
		EA6022B41F25A2A3001591BC /* NIError.m */ = {isa = PBXFileReference; fileEncoding = 4; lastKnownFileType = sourcecode.c.objc; path = NIError.m; sourceTree = "<group>"; };
		EA6022B51F25A2A3001591BC /* NIFoundationMethods.h */ = {isa = PBXFileReference; fileEncoding = 4; lastKnownFileType = sourcecode.c.h; path = NIFoundationMethods.h; sourceTree = "<group>"; };
		EA6022B61F25A2A3001591BC /* NIFoundationMethods.m */ = {isa = PBXFileReference; fileEncoding = 4; lastKnownFileType = sourcecode.c.objc; path = NIFoundationMethods.m; sourceTree = "<group>"; };
		EA6022B71F25A2A3001591BC /* NIImageUtilities.h */ = {isa = PBXFileReference; fileEncoding = 4; lastKnownFileType = sourcecode.c.h; path = NIImageUtilities.h; sourceTree = "<group>"; };
		EA6022B81F25A2A3001591BC /* NIImageUtilities.m */ = {isa = PBXFileReference; fileEncoding = 4; lastKnownFileType = sourcecode.c.objc; path = NIImageUtilities.m; sourceTree = "<group>"; };
		EA6022B91F25A2A3001591BC /* NIInMemoryCache.h */ = {isa = PBXFileReference; fileEncoding = 4; lastKnownFileType = sourcecode.c.h; path = NIInMemoryCache.h; sourceTree = "<group>"; };
		EA6022BA1F25A2A3001591BC /* NIInMemoryCache.m */ = {isa = PBXFileReference; fileEncoding = 4; lastKnownFileType = sourcecode.c.objc; path = NIInMemoryCache.m; sourceTree = "<group>"; };
		EA6022BB1F25A2A3001591BC /* NimbusCore.h */ = {isa = PBXFileReference; fileEncoding = 4; lastKnownFileType = sourcecode.c.h; path = NimbusCore.h; sourceTree = "<group>"; };
		EA6022BC1F25A2A3001591BC /* NimbusCore+Additions.h */ = {isa = PBXFileReference; fileEncoding = 4; lastKnownFileType = sourcecode.c.h; path = "NimbusCore+Additions.h"; sourceTree = "<group>"; };
		EA6022BD1F25A2A3001591BC /* NINetworkActivity.h */ = {isa = PBXFileReference; fileEncoding = 4; lastKnownFileType = sourcecode.c.h; path = NINetworkActivity.h; sourceTree = "<group>"; };
		EA6022BE1F25A2A3001591BC /* NINetworkActivity.m */ = {isa = PBXFileReference; fileEncoding = 4; lastKnownFileType = sourcecode.c.objc; path = NINetworkActivity.m; sourceTree = "<group>"; };
		EA6022BF1F25A2A3001591BC /* NINonEmptyCollectionTesting.h */ = {isa = PBXFileReference; fileEncoding = 4; lastKnownFileType = sourcecode.c.h; path = NINonEmptyCollectionTesting.h; sourceTree = "<group>"; };
		EA6022C01F25A2A3001591BC /* NINonEmptyCollectionTesting.m */ = {isa = PBXFileReference; fileEncoding = 4; lastKnownFileType = sourcecode.c.objc; path = NINonEmptyCollectionTesting.m; sourceTree = "<group>"; };
		EA6022C11F25A2A3001591BC /* NINonRetainingCollections.h */ = {isa = PBXFileReference; fileEncoding = 4; lastKnownFileType = sourcecode.c.h; path = NINonRetainingCollections.h; sourceTree = "<group>"; };
		EA6022C21F25A2A3001591BC /* NINonRetainingCollections.m */ = {isa = PBXFileReference; fileEncoding = 4; lastKnownFileType = sourcecode.c.objc; path = NINonRetainingCollections.m; sourceTree = "<group>"; };
		EA6022C31F25A2A3001591BC /* NIOperations.h */ = {isa = PBXFileReference; fileEncoding = 4; lastKnownFileType = sourcecode.c.h; path = NIOperations.h; sourceTree = "<group>"; };
		EA6022C41F25A2A3001591BC /* NIOperations.m */ = {isa = PBXFileReference; fileEncoding = 4; lastKnownFileType = sourcecode.c.objc; path = NIOperations.m; sourceTree = "<group>"; };
		EA6022C51F25A2A3001591BC /* NIOperations+Subclassing.h */ = {isa = PBXFileReference; fileEncoding = 4; lastKnownFileType = sourcecode.c.h; path = "NIOperations+Subclassing.h"; sourceTree = "<group>"; };
		EA6022C61F25A2A3001591BC /* NIPaths.h */ = {isa = PBXFileReference; fileEncoding = 4; lastKnownFileType = sourcecode.c.h; path = NIPaths.h; sourceTree = "<group>"; };
		EA6022C71F25A2A3001591BC /* NIPaths.m */ = {isa = PBXFileReference; fileEncoding = 4; lastKnownFileType = sourcecode.c.objc; path = NIPaths.m; sourceTree = "<group>"; };
		EA6022C81F25A2A3001591BC /* NIPreprocessorMacros.h */ = {isa = PBXFileReference; fileEncoding = 4; lastKnownFileType = sourcecode.c.h; path = NIPreprocessorMacros.h; sourceTree = "<group>"; };
		EA6022C91F25A2A3001591BC /* NIRuntimeClassModifications.h */ = {isa = PBXFileReference; fileEncoding = 4; lastKnownFileType = sourcecode.c.h; path = NIRuntimeClassModifications.h; sourceTree = "<group>"; };
		EA6022CA1F25A2A3001591BC /* NIRuntimeClassModifications.m */ = {isa = PBXFileReference; fileEncoding = 4; lastKnownFileType = sourcecode.c.objc; path = NIRuntimeClassModifications.m; sourceTree = "<group>"; };
		EA6022CB1F25A2A3001591BC /* NISDKAvailability.h */ = {isa = PBXFileReference; fileEncoding = 4; lastKnownFileType = sourcecode.c.h; path = NISDKAvailability.h; sourceTree = "<group>"; };
		EA6022CC1F25A2A3001591BC /* NISDKAvailability.m */ = {isa = PBXFileReference; fileEncoding = 4; lastKnownFileType = sourcecode.c.objc; path = NISDKAvailability.m; sourceTree = "<group>"; };
		EA6022CD1F25A2A3001591BC /* NISnapshotRotation.h */ = {isa = PBXFileReference; fileEncoding = 4; lastKnownFileType = sourcecode.c.h; path = NISnapshotRotation.h; sourceTree = "<group>"; };
		EA6022CE1F25A2A3001591BC /* NISnapshotRotation.m */ = {isa = PBXFileReference; fileEncoding = 4; lastKnownFileType = sourcecode.c.objc; path = NISnapshotRotation.m; sourceTree = "<group>"; };
		EA6022CF1F25A2A3001591BC /* NIState.h */ = {isa = PBXFileReference; fileEncoding = 4; lastKnownFileType = sourcecode.c.h; path = NIState.h; sourceTree = "<group>"; };
		EA6022D01F25A2A3001591BC /* NIState.m */ = {isa = PBXFileReference; fileEncoding = 4; lastKnownFileType = sourcecode.c.objc; path = NIState.m; sourceTree = "<group>"; };
		EA6022D11F25A2A3001591BC /* NIViewRecycler.h */ = {isa = PBXFileReference; fileEncoding = 4; lastKnownFileType = sourcecode.c.h; path = NIViewRecycler.h; sourceTree = "<group>"; };
		EA6022D21F25A2A3001591BC /* NIViewRecycler.m */ = {isa = PBXFileReference; fileEncoding = 4; lastKnownFileType = sourcecode.c.objc; path = NIViewRecycler.m; sourceTree = "<group>"; };
		EA6022D31F25A2A3001591BC /* UIResponder+NimbusCore.h */ = {isa = PBXFileReference; fileEncoding = 4; lastKnownFileType = sourcecode.c.h; path = "UIResponder+NimbusCore.h"; sourceTree = "<group>"; };
		EA6022D41F25A2A3001591BC /* UIResponder+NimbusCore.m */ = {isa = PBXFileReference; fileEncoding = 4; lastKnownFileType = sourcecode.c.objc; path = "UIResponder+NimbusCore.m"; sourceTree = "<group>"; };
		EA6022EE1F25CFD0001591BC /* Assets.xcassets */ = {isa = PBXFileReference; lastKnownFileType = folder.assetcatalog; path = Assets.xcassets; sourceTree = "<group>"; };
		EABC398E1F298AB700335C8E /* Ringtone.mp3 */ = {isa = PBXFileReference; lastKnownFileType = audio.mp3; path = Ringtone.mp3; sourceTree = "<group>"; };
		EABC398F1F298AB700335C8E /* Ringtone.caf */ = {isa = PBXFileReference; lastKnownFileType = file; path = Ringtone.caf; sourceTree = "<group>"; };
		EABC39901F298AB700335C8E /* Audio.h */ = {isa = PBXFileReference; fileEncoding = 4; lastKnownFileType = sourcecode.c.h; path = Audio.h; sourceTree = "<group>"; };
		EABC39911F298AB700335C8E /* Audio.m */ = {isa = PBXFileReference; fileEncoding = 4; lastKnownFileType = sourcecode.c.objc; path = Audio.m; sourceTree = "<group>"; };
		EABC39961F298AFB00335C8E /* Accelerate.framework */ = {isa = PBXFileReference; lastKnownFileType = wrapper.framework; name = Accelerate.framework; path = System/Library/Frameworks/Accelerate.framework; sourceTree = SDKROOT; };
		EABC39981F298B0200335C8E /* CallKit.framework */ = {isa = PBXFileReference; lastKnownFileType = wrapper.framework; name = CallKit.framework; path = System/Library/Frameworks/CallKit.framework; sourceTree = SDKROOT; };
		EABC399A1F298B0900335C8E /* Intents.framework */ = {isa = PBXFileReference; lastKnownFileType = wrapper.framework; name = Intents.framework; path = System/Library/Frameworks/Intents.framework; sourceTree = SDKROOT; };
		EABC399C1F298B1000335C8E /* PushKit.framework */ = {isa = PBXFileReference; lastKnownFileType = wrapper.framework; name = PushKit.framework; path = System/Library/Frameworks/PushKit.framework; sourceTree = SDKROOT; };
		EABC399E1F2990A800335C8E /* CallManager.h */ = {isa = PBXFileReference; fileEncoding = 4; lastKnownFileType = sourcecode.c.h; path = CallManager.h; sourceTree = "<group>"; };
		EABC399F1F2990A800335C8E /* CallManager.m */ = {isa = PBXFileReference; fileEncoding = 4; lastKnownFileType = sourcecode.c.objc; path = CallManager.m; sourceTree = "<group>"; };
		EABC39A11F2990B300335C8E /* IncomingCallViewController.h */ = {isa = PBXFileReference; fileEncoding = 4; lastKnownFileType = sourcecode.c.h; path = IncomingCallViewController.h; sourceTree = "<group>"; };
		EABC39A21F2990B300335C8E /* IncomingCallViewController.m */ = {isa = PBXFileReference; fileEncoding = 4; lastKnownFileType = sourcecode.c.objc; path = IncomingCallViewController.m; sourceTree = "<group>"; };
		EABC39A31F2990B300335C8E /* OutgoingCallViewController.h */ = {isa = PBXFileReference; fileEncoding = 4; lastKnownFileType = sourcecode.c.h; path = OutgoingCallViewController.h; sourceTree = "<group>"; };
		EABC39A41F2990B300335C8E /* OutgoingCallViewController.m */ = {isa = PBXFileReference; fileEncoding = 4; lastKnownFileType = sourcecode.c.objc; path = OutgoingCallViewController.m; sourceTree = "<group>"; };
		EABC39A71F2990BA00335C8E /* CallViewController.h */ = {isa = PBXFileReference; fileEncoding = 4; lastKnownFileType = sourcecode.c.h; path = CallViewController.h; sourceTree = "<group>"; };
		EABC39A81F2990BA00335C8E /* CallViewController.m */ = {isa = PBXFileReference; fileEncoding = 4; lastKnownFileType = sourcecode.c.objc; path = CallViewController.m; sourceTree = "<group>"; };
		EABC39AB1F29A70C00335C8E /* ContactsUI.framework */ = {isa = PBXFileReference; lastKnownFileType = wrapper.framework; name = ContactsUI.framework; path = System/Library/Frameworks/ContactsUI.framework; sourceTree = SDKROOT; };
		EABC39AD1F29E69A00335C8E /* TabbarDelegate.h */ = {isa = PBXFileReference; lastKnownFileType = sourcecode.c.h; path = TabbarDelegate.h; sourceTree = "<group>"; };
		EABC39AE1F29EA5200335C8E /* TrueCallerDemoTabbarViewController.h */ = {isa = PBXFileReference; fileEncoding = 4; lastKnownFileType = sourcecode.c.h; path = TrueCallerDemoTabbarViewController.h; sourceTree = "<group>"; };
		EABC39AF1F29EA5200335C8E /* TrueCallerDemoTabbarViewController.m */ = {isa = PBXFileReference; fileEncoding = 4; lastKnownFileType = sourcecode.c.objc; path = TrueCallerDemoTabbarViewController.m; sourceTree = "<group>"; };
		EAE9F11C1F308D8B00D8CB93 /* ContactListViewController.h */ = {isa = PBXFileReference; fileEncoding = 4; lastKnownFileType = sourcecode.c.h; path = ContactListViewController.h; sourceTree = "<group>"; };
		EAE9F11D1F308D8B00D8CB93 /* ContactListViewController.m */ = {isa = PBXFileReference; fileEncoding = 4; lastKnownFileType = sourcecode.c.objc; path = ContactListViewController.m; sourceTree = "<group>"; };
		F7E217BF38F1D04F743C31C5 /* Pods-TrueCallerDemo.release.xcconfig */ = {isa = PBXFileReference; includeInIndex = 1; lastKnownFileType = text.xcconfig; name = "Pods-TrueCallerDemo.release.xcconfig"; path = "Pods/Target Support Files/Pods-TrueCallerDemo/Pods-TrueCallerDemo.release.xcconfig"; sourceTree = "<group>"; };
/* End PBXFileReference section */

/* Begin PBXFrameworksBuildPhase section */
		EA5EE73E1F301BFF00B30AF2 /* Frameworks */ = {
			isa = PBXFrameworksBuildPhase;
			buildActionMask = 2147483647;
			files = (
			);
			runOnlyForDeploymentPostprocessing = 0;
		};
		EA6022291F259757001591BC /* Frameworks */ = {
			isa = PBXFrameworksBuildPhase;
			buildActionMask = 2147483647;
			files = (
				EABC39AC1F29A70C00335C8E /* ContactsUI.framework in Frameworks */,
				EABC399D1F298B1000335C8E /* PushKit.framework in Frameworks */,
				EABC399B1F298B0900335C8E /* Intents.framework in Frameworks */,
				EABC39991F298B0200335C8E /* CallKit.framework in Frameworks */,
				EABC39971F298AFB00335C8E /* Accelerate.framework in Frameworks */,
				2041110F5480CF3C094940A8 /* Pods_TrueCallerDemo.framework in Frameworks */,
			);
			runOnlyForDeploymentPostprocessing = 0;
		};
		EA6022421F259757001591BC /* Frameworks */ = {
			isa = PBXFrameworksBuildPhase;
			buildActionMask = 2147483647;
			files = (
			);
			runOnlyForDeploymentPostprocessing = 0;
		};
		EA60224D1F259757001591BC /* Frameworks */ = {
			isa = PBXFrameworksBuildPhase;
			buildActionMask = 2147483647;
			files = (
			);
			runOnlyForDeploymentPostprocessing = 0;
		};
/* End PBXFrameworksBuildPhase section */

/* Begin PBXGroup section */
		5487866701BA6127F39ADD71 /* Pods */ = {
			isa = PBXGroup;
			children = (
				C26CCC43230BC489E71A1304 /* Pods-TrueCallerDemo.debug.xcconfig */,
				F7E217BF38F1D04F743C31C5 /* Pods-TrueCallerDemo.release.xcconfig */,
			);
			name = Pods;
			sourceTree = "<group>";
		};
		EA5EE7421F301BFF00B30AF2 /* TrueCaller */ = {
			isa = PBXGroup;
			children = (
				EA5EE7431F301BFF00B30AF2 /* CallDirectoryHandler.h */,
				EA5EE7441F301BFF00B30AF2 /* CallDirectoryHandler.m */,
				EA5EE7461F301BFF00B30AF2 /* Info.plist */,
			);
			path = TrueCaller;
			sourceTree = "<group>";
		};
		EA6022231F259757001591BC = {
			isa = PBXGroup;
			children = (
				EA60222E1F259757001591BC /* TrueCallerDemo */,
				EA6022481F259757001591BC /* TrueCallerDemoTests */,
				EA6022531F259757001591BC /* TrueCallerDemoUITests */,
				EA5EE7421F301BFF00B30AF2 /* TrueCaller */,
				EA60222D1F259757001591BC /* Products */,
				EABC39951F298AFB00335C8E /* Frameworks */,
				5487866701BA6127F39ADD71 /* Pods */,
			);
			sourceTree = "<group>";
		};
		EA60222D1F259757001591BC /* Products */ = {
			isa = PBXGroup;
			children = (
				EA60222C1F259757001591BC /* TrueCallerDemo.app */,
				EA6022451F259757001591BC /* TrueCallerDemoTests.xctest */,
				EA6022501F259757001591BC /* TrueCallerDemoUITests.xctest */,
				EA5EE7411F301BFF00B30AF2 /* TrueCaller.appex */,
			);
			name = Products;
			sourceTree = "<group>";
		};
		EA60222E1F259757001591BC /* TrueCallerDemo */ = {
			isa = PBXGroup;
			children = (
				EA6022E91F25A2D4001591BC /* delegate */,
				EA7F13121F2F0ADB0030FCEC /* CallKit */,
				EA7F13111F2F0AA60030FCEC /* Contacts */,
				EA6022641F25A124001591BC /* ViewController */,
				EA6022EA1F25A2EA001591BC /* views */,
				EA60222F1F259757001591BC /* Supporting Files */,
			);
			path = TrueCallerDemo;
			sourceTree = "<group>";
		};
		EA60222F1F259757001591BC /* Supporting Files */ = {
			isa = PBXGroup;
			children = (
				EA6022301F259757001591BC /* main.m */,
			);
			name = "Supporting Files";
			sourceTree = "<group>";
		};
		EA6022481F259757001591BC /* TrueCallerDemoTests */ = {
			isa = PBXGroup;
			children = (
				EA6022491F259757001591BC /* TrueCallerDemoTests.m */,
				EA60224B1F259757001591BC /* Info.plist */,
			);
			path = TrueCallerDemoTests;
			sourceTree = "<group>";
		};
		EA6022531F259757001591BC /* TrueCallerDemoUITests */ = {
			isa = PBXGroup;
			children = (
				EA6022541F259757001591BC /* TrueCallerDemoUITests.m */,
				EA6022561F259757001591BC /* Info.plist */,
			);
			path = TrueCallerDemoUITests;
			sourceTree = "<group>";
		};
		EA6022641F25A124001591BC /* ViewController */ = {
			isa = PBXGroup;
			children = (
				EA6022351F259757001591BC /* ViewController.h */,
				EA6022361F259757001591BC /* ViewController.m */,
			);
			name = ViewController;
			sourceTree = "<group>";
		};
		EA60226F1F25A158001591BC /* CacheImahe */ = {
			isa = PBXGroup;
			children = (
				EA6022701F25A166001591BC /* ContactCache.h */,
				EA6022711F25A166001591BC /* ContactCache.m */,
			);
			name = CacheImahe;
			sourceTree = "<group>";
		};
		EA6022731F25A1A2001591BC /* ContactBookLoader */ = {
			isa = PBXGroup;
			children = (
				EA6022741F25A1B0001591BC /* ContactBook.h */,
				EA6022751F25A1B0001591BC /* ContactBook.m */,
			);
			name = ContactBookLoader;
			sourceTree = "<group>";
		};
		EA6022771F25A1B9001591BC /* ContactCells */ = {
			isa = PBXGroup;
			children = (
				EA6022781F25A1C3001591BC /* ContactTableViewCell.h */,
				EA6022791F25A1C3001591BC /* ContactTableViewCell.m */,
				EA60227A1F25A1C3001591BC /* ContactCellObject.h */,
				EA60227B1F25A1C3001591BC /* ContactCellObject.m */,
				EA60227C1F25A1C3001591BC /* FriendContactCellObject.h */,
				EA60227D1F25A1C3001591BC /* FriendContactCellObject.m */,
			);
			name = ContactCells;
			sourceTree = "<group>";
		};
		EA6022811F25A1D4001591BC /* Entities */ = {
			isa = PBXGroup;
			children = (
				EA6022821F25A1DC001591BC /* ContactEntity.h */,
				EA6022831F25A1DC001591BC /* ContactEntity.m */,
			);
			name = Entities;
			sourceTree = "<group>";
		};
		EA6022861F25A24A001591BC /* nimbus */ = {
			isa = PBXGroup;
			children = (
				EA6022881F25A269001591BC /* Core */,
				EA6022871F25A262001591BC /* Models */,
			);
			name = nimbus;
			sourceTree = "<group>";
		};
		EA6022871F25A262001591BC /* Models */ = {
			isa = PBXGroup;
			children = (
				EA6022891F25A280001591BC /* NICellCatalog.m */,
				EA60228A1F25A280001591BC /* NICellFactory.h */,
				EA60228B1F25A280001591BC /* NICellFactory.m */,
				EA60228C1F25A280001591BC /* NICellFactory+Private.h */,
				EA60228D1F25A280001591BC /* NIFormCellCatalog.h */,
				EA60228E1F25A280001591BC /* NIFormCellCatalog.m */,
				EA60228F1F25A280001591BC /* NimbusModels.h */,
				EA6022901F25A280001591BC /* NIMutableTableViewModel.h */,
				EA6022911F25A280001591BC /* NIMutableTableViewModel.m */,
				EA6022921F25A280001591BC /* NIMutableTableViewModel+Private.h */,
				EA6022931F25A280001591BC /* NICellBackgrounds.h */,
				EA6022941F25A280001591BC /* NICellBackgrounds.m */,
				EA6022951F25A280001591BC /* NICellCatalog.h */,
				EA6022961F25A280001591BC /* NIRadioGroup.h */,
				EA6022971F25A280001591BC /* NIRadioGroup.m */,
				EA6022981F25A280001591BC /* NIRadioGroupController.h */,
				EA6022991F25A280001591BC /* NIRadioGroupController.m */,
				EA60229A1F25A280001591BC /* NITableViewActions.h */,
				EA60229B1F25A280001591BC /* NITableViewActions.m */,
				EA60229C1F25A280001591BC /* NITableViewModel.h */,
				EA60229D1F25A280001591BC /* NITableViewModel.m */,
				EA60229E1F25A280001591BC /* NITableViewModel+Private.h */,
			);
			name = Models;
			sourceTree = "<group>";
		};
		EA6022881F25A269001591BC /* Core */ = {
			isa = PBXGroup;
			children = (
				EA6022A81F25A2A3001591BC /* NIActions.h */,
				EA6022A91F25A2A3001591BC /* NIActions.m */,
				EA6022AA1F25A2A3001591BC /* NIActions+Subclassing.h */,
				EA6022AB1F25A2A3001591BC /* NIButtonUtilities.h */,
				EA6022AC1F25A2A3001591BC /* NIButtonUtilities.m */,
				EA6022AD1F25A2A3001591BC /* NICommonMetrics.h */,
				EA6022AE1F25A2A3001591BC /* NICommonMetrics.m */,
				EA6022AF1F25A2A3001591BC /* NIDebuggingTools.h */,
				EA6022B01F25A2A3001591BC /* NIDebuggingTools.m */,
				EA6022B11F25A2A3001591BC /* NIDeviceOrientation.h */,
				EA6022B21F25A2A3001591BC /* NIDeviceOrientation.m */,
				EA6022B31F25A2A3001591BC /* NIError.h */,
				EA6022B41F25A2A3001591BC /* NIError.m */,
				EA6022B51F25A2A3001591BC /* NIFoundationMethods.h */,
				EA6022B61F25A2A3001591BC /* NIFoundationMethods.m */,
				EA6022B71F25A2A3001591BC /* NIImageUtilities.h */,
				EA6022B81F25A2A3001591BC /* NIImageUtilities.m */,
				EA6022B91F25A2A3001591BC /* NIInMemoryCache.h */,
				EA6022BA1F25A2A3001591BC /* NIInMemoryCache.m */,
				EA6022BB1F25A2A3001591BC /* NimbusCore.h */,
				EA6022BC1F25A2A3001591BC /* NimbusCore+Additions.h */,
				EA6022BD1F25A2A3001591BC /* NINetworkActivity.h */,
				EA6022BE1F25A2A3001591BC /* NINetworkActivity.m */,
				EA6022BF1F25A2A3001591BC /* NINonEmptyCollectionTesting.h */,
				EA6022C01F25A2A3001591BC /* NINonEmptyCollectionTesting.m */,
				EA6022C11F25A2A3001591BC /* NINonRetainingCollections.h */,
				EA6022C21F25A2A3001591BC /* NINonRetainingCollections.m */,
				EA6022C31F25A2A3001591BC /* NIOperations.h */,
				EA6022C41F25A2A3001591BC /* NIOperations.m */,
				EA6022C51F25A2A3001591BC /* NIOperations+Subclassing.h */,
				EA6022C61F25A2A3001591BC /* NIPaths.h */,
				EA6022C71F25A2A3001591BC /* NIPaths.m */,
				EA6022C81F25A2A3001591BC /* NIPreprocessorMacros.h */,
				EA6022C91F25A2A3001591BC /* NIRuntimeClassModifications.h */,
				EA6022CA1F25A2A3001591BC /* NIRuntimeClassModifications.m */,
				EA6022CB1F25A2A3001591BC /* NISDKAvailability.h */,
				EA6022CC1F25A2A3001591BC /* NISDKAvailability.m */,
				EA6022CD1F25A2A3001591BC /* NISnapshotRotation.h */,
				EA6022CE1F25A2A3001591BC /* NISnapshotRotation.m */,
				EA6022CF1F25A2A3001591BC /* NIState.h */,
				EA6022D01F25A2A3001591BC /* NIState.m */,
				EA6022D11F25A2A3001591BC /* NIViewRecycler.h */,
				EA6022D21F25A2A3001591BC /* NIViewRecycler.m */,
				EA6022D31F25A2A3001591BC /* UIResponder+NimbusCore.h */,
				EA6022D41F25A2A3001591BC /* UIResponder+NimbusCore.m */,
			);
			name = Core;
			sourceTree = "<group>";
		};
		EA6022E91F25A2D4001591BC /* delegate */ = {
			isa = PBXGroup;
			children = (
				EA6022851F25A1EB001591BC /* Constants.h */,
				EA6022321F259757001591BC /* AppDelegate.h */,
				EA6022331F259757001591BC /* AppDelegate.m */,
				EABC39AD1F29E69A00335C8E /* TabbarDelegate.h */,
			);
			name = delegate;
			sourceTree = "<group>";
		};
		EA6022EA1F25A2EA001591BC /* views */ = {
			isa = PBXGroup;
			children = (
				EA6022EE1F25CFD0001591BC /* Assets.xcassets */,
				EA6022381F259757001591BC /* Main.storyboard */,
				EA60223D1F259757001591BC /* LaunchScreen.storyboard */,
				EA6022401F259757001591BC /* Info.plist */,
			);
			name = views;
			sourceTree = "<group>";
		};
		EA7F13111F2F0AA60030FCEC /* Contacts */ = {
			isa = PBXGroup;
			children = (
				EA6022861F25A24A001591BC /* nimbus */,
				EA6022811F25A1D4001591BC /* Entities */,
				EA60226F1F25A158001591BC /* CacheImahe */,
				EA6022771F25A1B9001591BC /* ContactCells */,
				EA6022731F25A1A2001591BC /* ContactBookLoader */,
				EABC39AA1F29915300335C8E /* ContactViewController */,
			);
			name = Contacts;
			sourceTree = "<group>";
		};
		EA7F13121F2F0ADB0030FCEC /* CallKit */ = {
			isa = PBXGroup;
			children = (
				EABC398D1F298AAA00335C8E /* audio */,
				EABC397F1F2989C900335C8E /* callManager */,
				EABC39831F298A8200335C8E /* inoutCommingCallController */,
			);
			name = CallKit;
			sourceTree = "<group>";
		};
		EABC397F1F2989C900335C8E /* callManager */ = {
			isa = PBXGroup;
			children = (
				EABC399E1F2990A800335C8E /* CallManager.h */,
				EABC399F1F2990A800335C8E /* CallManager.m */,
			);
			name = callManager;
			sourceTree = "<group>";
		};
		EABC39831F298A8200335C8E /* inoutCommingCallController */ = {
			isa = PBXGroup;
			children = (
				EABC39A71F2990BA00335C8E /* CallViewController.h */,
				EABC39A81F2990BA00335C8E /* CallViewController.m */,
				EABC39A11F2990B300335C8E /* IncomingCallViewController.h */,
				EABC39A21F2990B300335C8E /* IncomingCallViewController.m */,
				EABC39A31F2990B300335C8E /* OutgoingCallViewController.h */,
				EABC39A41F2990B300335C8E /* OutgoingCallViewController.m */,
			);
			name = inoutCommingCallController;
			sourceTree = "<group>";
		};
		EABC398D1F298AAA00335C8E /* audio */ = {
			isa = PBXGroup;
			children = (
				EABC398E1F298AB700335C8E /* Ringtone.mp3 */,
				EABC398F1F298AB700335C8E /* Ringtone.caf */,
				EABC39901F298AB700335C8E /* Audio.h */,
				EABC39911F298AB700335C8E /* Audio.m */,
			);
			name = audio;
			sourceTree = "<group>";
		};
		EABC39951F298AFB00335C8E /* Frameworks */ = {
			isa = PBXGroup;
			children = (
				EABC39AB1F29A70C00335C8E /* ContactsUI.framework */,
				EABC399C1F298B1000335C8E /* PushKit.framework */,
				EABC399A1F298B0900335C8E /* Intents.framework */,
				EABC39981F298B0200335C8E /* CallKit.framework */,
				EABC39961F298AFB00335C8E /* Accelerate.framework */,
				A11971B715B45E736ED76AEB /* Pods_TrueCallerDemo.framework */,
			);
			name = Frameworks;
			sourceTree = "<group>";
		};
		EABC39AA1F29915300335C8E /* ContactViewController */ = {
			isa = PBXGroup;
			children = (
				EA60226C1F25A14D001591BC /* ResultTableViewController.h */,
				EA60226D1F25A14D001591BC /* ResultTableViewController.m */,
				EA6022671F25A133001591BC /* FriendsTableViewController.h */,
				EA6022681F25A133001591BC /* FriendsTableViewController.m */,
				EA2BD3A01F2735D400CC2572 /* PhoneViewController.h */,
				EA2BD3A11F2735D400CC2572 /* PhoneViewController.m */,
				EABC39AE1F29EA5200335C8E /* TrueCallerDemoTabbarViewController.h */,
				EABC39AF1F29EA5200335C8E /* TrueCallerDemoTabbarViewController.m */,
				EAE9F11C1F308D8B00D8CB93 /* ContactListViewController.h */,
				EAE9F11D1F308D8B00D8CB93 /* ContactListViewController.m */,
			);
			name = ContactViewController;
			sourceTree = "<group>";
		};
/* End PBXGroup section */

/* Begin PBXNativeTarget section */
		EA5EE7401F301BFF00B30AF2 /* TrueCaller */ = {
			isa = PBXNativeTarget;
			buildConfigurationList = EA5EE74A1F301BFF00B30AF2 /* Build configuration list for PBXNativeTarget "TrueCaller" */;
			buildPhases = (
				EA5EE73D1F301BFF00B30AF2 /* Sources */,
				EA5EE73E1F301BFF00B30AF2 /* Frameworks */,
				EA5EE73F1F301BFF00B30AF2 /* Resources */,
			);
			buildRules = (
			);
			dependencies = (
			);
			name = TrueCaller;
			productName = TrueCaller;
			productReference = EA5EE7411F301BFF00B30AF2 /* TrueCaller.appex */;
			productType = "com.apple.product-type.app-extension";
		};
		EA60222B1F259757001591BC /* TrueCallerDemo */ = {
			isa = PBXNativeTarget;
			buildConfigurationList = EA6022591F259757001591BC /* Build configuration list for PBXNativeTarget "TrueCallerDemo" */;
			buildPhases = (
				849A40050AC170625B3D288D /* [CP] Check Pods Manifest.lock */,
				EA6022281F259757001591BC /* Sources */,
				EA6022291F259757001591BC /* Frameworks */,
				EA60222A1F259757001591BC /* Resources */,
				EA7F13261F2F643A0030FCEC /* Embed App Extensions */,
				C051C3582B0AE9E60F240B9E /* [CP] Embed Pods Frameworks */,
				B4FA93DE328D3A0508A2841D /* [CP] Copy Pods Resources */,
			);
			buildRules = (
			);
			dependencies = (
				EA5EE7481F301BFF00B30AF2 /* PBXTargetDependency */,
			);
			name = TrueCallerDemo;
			productName = TrueCallerDemo;
			productReference = EA60222C1F259757001591BC /* TrueCallerDemo.app */;
			productType = "com.apple.product-type.application";
		};
		EA6022441F259757001591BC /* TrueCallerDemoTests */ = {
			isa = PBXNativeTarget;
			buildConfigurationList = EA60225C1F259757001591BC /* Build configuration list for PBXNativeTarget "TrueCallerDemoTests" */;
			buildPhases = (
				EA6022411F259757001591BC /* Sources */,
				EA6022421F259757001591BC /* Frameworks */,
				EA6022431F259757001591BC /* Resources */,
			);
			buildRules = (
			);
			dependencies = (
				EA6022471F259757001591BC /* PBXTargetDependency */,
			);
			name = TrueCallerDemoTests;
			productName = TrueCallerDemoTests;
			productReference = EA6022451F259757001591BC /* TrueCallerDemoTests.xctest */;
			productType = "com.apple.product-type.bundle.unit-test";
		};
		EA60224F1F259757001591BC /* TrueCallerDemoUITests */ = {
			isa = PBXNativeTarget;
			buildConfigurationList = EA60225F1F259757001591BC /* Build configuration list for PBXNativeTarget "TrueCallerDemoUITests" */;
			buildPhases = (
				EA60224C1F259757001591BC /* Sources */,
				EA60224D1F259757001591BC /* Frameworks */,
				EA60224E1F259757001591BC /* Resources */,
			);
			buildRules = (
			);
			dependencies = (
				EA6022521F259757001591BC /* PBXTargetDependency */,
			);
			name = TrueCallerDemoUITests;
			productName = TrueCallerDemoUITests;
			productReference = EA6022501F259757001591BC /* TrueCallerDemoUITests.xctest */;
			productType = "com.apple.product-type.bundle.ui-testing";
		};
/* End PBXNativeTarget section */

/* Begin PBXProject section */
		EA6022241F259757001591BC /* Project object */ = {
			isa = PBXProject;
			attributes = {
				LastUpgradeCheck = 0830;
				ORGANIZATIONNAME = "Doan Van Vu";
				TargetAttributes = {
					EA5EE7401F301BFF00B30AF2 = {
						CreatedOnToolsVersion = 8.3.3;
						DevelopmentTeam = 2FXVJFZPXW;
						ProvisioningStyle = Automatic;
					};
					EA60222B1F259757001591BC = {
						CreatedOnToolsVersion = 8.3.3;
						DevelopmentTeam = 2FXVJFZPXW;
						ProvisioningStyle = Automatic;
						SystemCapabilities = {
							com.apple.BackgroundModes = {
								enabled = 1;
							};
						};
					};
					EA6022441F259757001591BC = {
						CreatedOnToolsVersion = 8.3.3;
						ProvisioningStyle = Automatic;
						TestTargetID = EA60222B1F259757001591BC;
					};
					EA60224F1F259757001591BC = {
						CreatedOnToolsVersion = 8.3.3;
						ProvisioningStyle = Automatic;
						TestTargetID = EA60222B1F259757001591BC;
					};
				};
			};
			buildConfigurationList = EA6022271F259757001591BC /* Build configuration list for PBXProject "TrueCallerDemo" */;
			compatibilityVersion = "Xcode 3.2";
			developmentRegion = English;
			hasScannedForEncodings = 0;
			knownRegions = (
				en,
				Base,
			);
			mainGroup = EA6022231F259757001591BC;
			productRefGroup = EA60222D1F259757001591BC /* Products */;
			projectDirPath = "";
			projectRoot = "";
			targets = (
				EA60222B1F259757001591BC /* TrueCallerDemo */,
				EA6022441F259757001591BC /* TrueCallerDemoTests */,
				EA60224F1F259757001591BC /* TrueCallerDemoUITests */,
				EA5EE7401F301BFF00B30AF2 /* TrueCaller */,
			);
		};
/* End PBXProject section */

/* Begin PBXResourcesBuildPhase section */
		EA5EE73F1F301BFF00B30AF2 /* Resources */ = {
			isa = PBXResourcesBuildPhase;
			buildActionMask = 2147483647;
			files = (
			);
			runOnlyForDeploymentPostprocessing = 0;
		};
		EA60222A1F259757001591BC /* Resources */ = {
			isa = PBXResourcesBuildPhase;
			buildActionMask = 2147483647;
			files = (
				EABC39931F298AB700335C8E /* Ringtone.caf in Resources */,
				EABC39921F298AB700335C8E /* Ringtone.mp3 in Resources */,
				EA60223F1F259757001591BC /* LaunchScreen.storyboard in Resources */,
				EA6022EF1F25CFD0001591BC /* Assets.xcassets in Resources */,
				EA60223A1F259757001591BC /* Main.storyboard in Resources */,
			);
			runOnlyForDeploymentPostprocessing = 0;
		};
		EA6022431F259757001591BC /* Resources */ = {
			isa = PBXResourcesBuildPhase;
			buildActionMask = 2147483647;
			files = (
			);
			runOnlyForDeploymentPostprocessing = 0;
		};
		EA60224E1F259757001591BC /* Resources */ = {
			isa = PBXResourcesBuildPhase;
			buildActionMask = 2147483647;
			files = (
			);
			runOnlyForDeploymentPostprocessing = 0;
		};
/* End PBXResourcesBuildPhase section */

/* Begin PBXShellScriptBuildPhase section */
		849A40050AC170625B3D288D /* [CP] Check Pods Manifest.lock */ = {
			isa = PBXShellScriptBuildPhase;
			buildActionMask = 2147483647;
			files = (
			);
			inputPaths = (
			);
			name = "[CP] Check Pods Manifest.lock";
			outputPaths = (
			);
			runOnlyForDeploymentPostprocessing = 0;
			shellPath = /bin/sh;
			shellScript = "diff \"${PODS_PODFILE_DIR_PATH}/Podfile.lock\" \"${PODS_ROOT}/Manifest.lock\" > /dev/null\nif [ $? != 0 ] ; then\n    # print error to STDERR\n    echo \"error: The sandbox is not in sync with the Podfile.lock. Run 'pod install' or update your CocoaPods installation.\" >&2\n    exit 1\nfi\n";
			showEnvVarsInLog = 0;
		};
		B4FA93DE328D3A0508A2841D /* [CP] Copy Pods Resources */ = {
			isa = PBXShellScriptBuildPhase;
			buildActionMask = 2147483647;
			files = (
			);
			inputPaths = (
			);
			name = "[CP] Copy Pods Resources";
			outputPaths = (
			);
			runOnlyForDeploymentPostprocessing = 0;
			shellPath = /bin/sh;
			shellScript = "\"${SRCROOT}/Pods/Target Support Files/Pods-TrueCallerDemo/Pods-TrueCallerDemo-resources.sh\"\n";
			showEnvVarsInLog = 0;
		};
		C051C3582B0AE9E60F240B9E /* [CP] Embed Pods Frameworks */ = {
			isa = PBXShellScriptBuildPhase;
			buildActionMask = 2147483647;
			files = (
			);
			inputPaths = (
			);
			name = "[CP] Embed Pods Frameworks";
			outputPaths = (
			);
			runOnlyForDeploymentPostprocessing = 0;
			shellPath = /bin/sh;
			shellScript = "\"${SRCROOT}/Pods/Target Support Files/Pods-TrueCallerDemo/Pods-TrueCallerDemo-frameworks.sh\"\n";
			showEnvVarsInLog = 0;
		};
/* End PBXShellScriptBuildPhase section */

/* Begin PBXSourcesBuildPhase section */
		EA5EE73D1F301BFF00B30AF2 /* Sources */ = {
			isa = PBXSourcesBuildPhase;
			buildActionMask = 2147483647;
			files = (
				EA5EE7451F301BFF00B30AF2 /* CallDirectoryHandler.m in Sources */,
			);
			runOnlyForDeploymentPostprocessing = 0;
		};
		EA6022281F259757001591BC /* Sources */ = {
			isa = PBXSourcesBuildPhase;
			buildActionMask = 2147483647;
			files = (
				EA6022801F25A1C3001591BC /* FriendContactCellObject.m in Sources */,
				EA6022D61F25A2A3001591BC /* NIButtonUtilities.m in Sources */,
				EA6022371F259757001591BC /* ViewController.m in Sources */,
				EA6022DD1F25A2A3001591BC /* NIInMemoryCache.m in Sources */,
				EA6022A61F25A280001591BC /* NITableViewActions.m in Sources */,
				EA6022D81F25A2A3001591BC /* NIDebuggingTools.m in Sources */,
				EA6022E31F25A2A3001591BC /* NIRuntimeClassModifications.m in Sources */,
				EA6022DA1F25A2A3001591BC /* NIError.m in Sources */,
				EA60227F1F25A1C3001591BC /* ContactCellObject.m in Sources */,
				EABC39A91F2990BA00335C8E /* CallViewController.m in Sources */,
				EA6022A31F25A280001591BC /* NICellBackgrounds.m in Sources */,
				EA60226A1F25A133001591BC /* FriendsTableViewController.m in Sources */,
				EABC39A61F2990B300335C8E /* OutgoingCallViewController.m in Sources */,
				EA6022DC1F25A2A3001591BC /* NIImageUtilities.m in Sources */,
				EA6022341F259757001591BC /* AppDelegate.m in Sources */,
				EA6022A11F25A280001591BC /* NIFormCellCatalog.m in Sources */,
				EA6022A51F25A280001591BC /* NIRadioGroupController.m in Sources */,
				EA6022E01F25A2A3001591BC /* NINonRetainingCollections.m in Sources */,
				EABC39A51F2990B300335C8E /* IncomingCallViewController.m in Sources */,
				EA6022D71F25A2A3001591BC /* NICommonMetrics.m in Sources */,
				EA6022DE1F25A2A3001591BC /* NINetworkActivity.m in Sources */,
				EA6022A41F25A280001591BC /* NIRadioGroup.m in Sources */,
				EA6022A71F25A280001591BC /* NITableViewModel.m in Sources */,
				EA6022DF1F25A2A3001591BC /* NINonEmptyCollectionTesting.m in Sources */,
				EA60226E1F25A14D001591BC /* ResultTableViewController.m in Sources */,
				EA6022A01F25A280001591BC /* NICellFactory.m in Sources */,
				EA6022D51F25A2A3001591BC /* NIActions.m in Sources */,
				EA6022E11F25A2A3001591BC /* NIOperations.m in Sources */,
				EAE9F11E1F308D8B00D8CB93 /* ContactListViewController.m in Sources */,
				EA6022E61F25A2A3001591BC /* NIState.m in Sources */,
				EA6022A21F25A280001591BC /* NIMutableTableViewModel.m in Sources */,
				EA6022D91F25A2A3001591BC /* NIDeviceOrientation.m in Sources */,
				EA6022E41F25A2A3001591BC /* NISDKAvailability.m in Sources */,
				EA6022E81F25A2A3001591BC /* UIResponder+NimbusCore.m in Sources */,
				EABC39B01F29EA5200335C8E /* TrueCallerDemoTabbarViewController.m in Sources */,
				EA6022841F25A1DC001591BC /* ContactEntity.m in Sources */,
				EABC39941F298AB700335C8E /* Audio.m in Sources */,
				EA6022E21F25A2A3001591BC /* NIPaths.m in Sources */,
				EA6022DB1F25A2A3001591BC /* NIFoundationMethods.m in Sources */,
				EA6022311F259757001591BC /* main.m in Sources */,
				EA60229F1F25A280001591BC /* NICellCatalog.m in Sources */,
				EA6022721F25A166001591BC /* ContactCache.m in Sources */,
				EA6022761F25A1B0001591BC /* ContactBook.m in Sources */,
				EA6022E51F25A2A3001591BC /* NISnapshotRotation.m in Sources */,
				EA2BD3A21F2735D400CC2572 /* PhoneViewController.m in Sources */,
				EA6022E71F25A2A3001591BC /* NIViewRecycler.m in Sources */,
				EA60227E1F25A1C3001591BC /* ContactTableViewCell.m in Sources */,
				EABC39A01F2990A800335C8E /* CallManager.m in Sources */,
			);
			runOnlyForDeploymentPostprocessing = 0;
		};
		EA6022411F259757001591BC /* Sources */ = {
			isa = PBXSourcesBuildPhase;
			buildActionMask = 2147483647;
			files = (
				EA60224A1F259757001591BC /* TrueCallerDemoTests.m in Sources */,
			);
			runOnlyForDeploymentPostprocessing = 0;
		};
		EA60224C1F259757001591BC /* Sources */ = {
			isa = PBXSourcesBuildPhase;
			buildActionMask = 2147483647;
			files = (
				EA6022551F259757001591BC /* TrueCallerDemoUITests.m in Sources */,
			);
			runOnlyForDeploymentPostprocessing = 0;
		};
/* End PBXSourcesBuildPhase section */

/* Begin PBXTargetDependency section */
		EA5EE7481F301BFF00B30AF2 /* PBXTargetDependency */ = {
			isa = PBXTargetDependency;
			target = EA5EE7401F301BFF00B30AF2 /* TrueCaller */;
			targetProxy = EA5EE7471F301BFF00B30AF2 /* PBXContainerItemProxy */;
		};
		EA6022471F259757001591BC /* PBXTargetDependency */ = {
			isa = PBXTargetDependency;
			target = EA60222B1F259757001591BC /* TrueCallerDemo */;
			targetProxy = EA6022461F259757001591BC /* PBXContainerItemProxy */;
		};
		EA6022521F259757001591BC /* PBXTargetDependency */ = {
			isa = PBXTargetDependency;
			target = EA60222B1F259757001591BC /* TrueCallerDemo */;
			targetProxy = EA6022511F259757001591BC /* PBXContainerItemProxy */;
		};
/* End PBXTargetDependency section */

/* Begin PBXVariantGroup section */
		EA6022381F259757001591BC /* Main.storyboard */ = {
			isa = PBXVariantGroup;
			children = (
				EA6022391F259757001591BC /* Base */,
			);
			name = Main.storyboard;
			sourceTree = "<group>";
		};
		EA60223D1F259757001591BC /* LaunchScreen.storyboard */ = {
			isa = PBXVariantGroup;
			children = (
				EA60223E1F259757001591BC /* Base */,
			);
			name = LaunchScreen.storyboard;
			sourceTree = "<group>";
		};
/* End PBXVariantGroup section */

/* Begin XCBuildConfiguration section */
		EA5EE74B1F301BFF00B30AF2 /* Debug */ = {
			isa = XCBuildConfiguration;
			buildSettings = {
				ARCHS = "$(ARCHS_STANDARD_64_BIT)";
				DEVELOPMENT_TEAM = 2FXVJFZPXW;
				INFOPLIST_FILE = TrueCaller/Info.plist;
				IPHONEOS_DEPLOYMENT_TARGET = 8.0;
				LD_RUNPATH_SEARCH_PATHS = "$(inherited) @executable_path/Frameworks @executable_path/../../Frameworks";
				PRODUCT_BUNDLE_IDENTIFIER = VNG.TrueCallerDemo.TrueCaller;
				PRODUCT_NAME = "$(TARGET_NAME)";
				SKIP_INSTALL = YES;
			};
			name = Debug;
		};
		EA5EE74C1F301BFF00B30AF2 /* Release */ = {
			isa = XCBuildConfiguration;
			buildSettings = {
				ARCHS = "$(ARCHS_STANDARD_64_BIT)";
				DEVELOPMENT_TEAM = 2FXVJFZPXW;
				INFOPLIST_FILE = TrueCaller/Info.plist;
				IPHONEOS_DEPLOYMENT_TARGET = 8.0;
				LD_RUNPATH_SEARCH_PATHS = "$(inherited) @executable_path/Frameworks @executable_path/../../Frameworks";
				PRODUCT_BUNDLE_IDENTIFIER = VNG.TrueCallerDemo.TrueCaller;
				PRODUCT_NAME = "$(TARGET_NAME)";
				SKIP_INSTALL = YES;
			};
			name = Release;
		};
		EA6022571F259757001591BC /* Debug */ = {
			isa = XCBuildConfiguration;
			buildSettings = {
				ALWAYS_SEARCH_USER_PATHS = NO;
				CLANG_ANALYZER_NONNULL = YES;
				CLANG_ANALYZER_NUMBER_OBJECT_CONVERSION = YES_AGGRESSIVE;
				CLANG_CXX_LANGUAGE_STANDARD = "gnu++0x";
				CLANG_CXX_LIBRARY = "libc++";
				CLANG_ENABLE_MODULES = YES;
				CLANG_ENABLE_OBJC_ARC = YES;
				CLANG_WARN_BOOL_CONVERSION = YES;
				CLANG_WARN_CONSTANT_CONVERSION = YES;
				CLANG_WARN_DIRECT_OBJC_ISA_USAGE = YES_ERROR;
				CLANG_WARN_DOCUMENTATION_COMMENTS = YES;
				CLANG_WARN_EMPTY_BODY = YES;
				CLANG_WARN_ENUM_CONVERSION = YES;
				CLANG_WARN_INFINITE_RECURSION = YES;
				CLANG_WARN_INT_CONVERSION = YES;
				CLANG_WARN_OBJC_ROOT_CLASS = YES_ERROR;
				CLANG_WARN_SUSPICIOUS_MOVE = YES;
				CLANG_WARN_UNREACHABLE_CODE = YES;
				CLANG_WARN__DUPLICATE_METHOD_MATCH = YES;
				"CODE_SIGN_IDENTITY[sdk=iphoneos*]" = "iPhone Developer";
				COPY_PHASE_STRIP = NO;
				DEBUG_INFORMATION_FORMAT = dwarf;
				ENABLE_STRICT_OBJC_MSGSEND = YES;
				ENABLE_TESTABILITY = YES;
				GCC_C_LANGUAGE_STANDARD = gnu99;
				GCC_DYNAMIC_NO_PIC = NO;
				GCC_NO_COMMON_BLOCKS = YES;
				GCC_OPTIMIZATION_LEVEL = 0;
				GCC_PREPROCESSOR_DEFINITIONS = (
					"DEBUG=1",
					"$(inherited)",
				);
				GCC_WARN_64_TO_32_BIT_CONVERSION = YES;
				GCC_WARN_ABOUT_RETURN_TYPE = YES_ERROR;
				GCC_WARN_UNDECLARED_SELECTOR = YES;
				GCC_WARN_UNINITIALIZED_AUTOS = YES_AGGRESSIVE;
				GCC_WARN_UNUSED_FUNCTION = YES;
				GCC_WARN_UNUSED_VARIABLE = YES;
				IPHONEOS_DEPLOYMENT_TARGET = 8.0;
				MTL_ENABLE_DEBUG_INFO = YES;
				ONLY_ACTIVE_ARCH = YES;
				SDKROOT = iphoneos;
				TARGETED_DEVICE_FAMILY = "1,2";
			};
			name = Debug;
		};
		EA6022581F259757001591BC /* Release */ = {
			isa = XCBuildConfiguration;
			buildSettings = {
				ALWAYS_SEARCH_USER_PATHS = NO;
				CLANG_ANALYZER_NONNULL = YES;
				CLANG_ANALYZER_NUMBER_OBJECT_CONVERSION = YES_AGGRESSIVE;
				CLANG_CXX_LANGUAGE_STANDARD = "gnu++0x";
				CLANG_CXX_LIBRARY = "libc++";
				CLANG_ENABLE_MODULES = YES;
				CLANG_ENABLE_OBJC_ARC = YES;
				CLANG_WARN_BOOL_CONVERSION = YES;
				CLANG_WARN_CONSTANT_CONVERSION = YES;
				CLANG_WARN_DIRECT_OBJC_ISA_USAGE = YES_ERROR;
				CLANG_WARN_DOCUMENTATION_COMMENTS = YES;
				CLANG_WARN_EMPTY_BODY = YES;
				CLANG_WARN_ENUM_CONVERSION = YES;
				CLANG_WARN_INFINITE_RECURSION = YES;
				CLANG_WARN_INT_CONVERSION = YES;
				CLANG_WARN_OBJC_ROOT_CLASS = YES_ERROR;
				CLANG_WARN_SUSPICIOUS_MOVE = YES;
				CLANG_WARN_UNREACHABLE_CODE = YES;
				CLANG_WARN__DUPLICATE_METHOD_MATCH = YES;
				"CODE_SIGN_IDENTITY[sdk=iphoneos*]" = "iPhone Developer";
				COPY_PHASE_STRIP = NO;
				DEBUG_INFORMATION_FORMAT = "dwarf-with-dsym";
				ENABLE_NS_ASSERTIONS = NO;
				ENABLE_STRICT_OBJC_MSGSEND = YES;
				GCC_C_LANGUAGE_STANDARD = gnu99;
				GCC_NO_COMMON_BLOCKS = YES;
				GCC_WARN_64_TO_32_BIT_CONVERSION = YES;
				GCC_WARN_ABOUT_RETURN_TYPE = YES_ERROR;
				GCC_WARN_UNDECLARED_SELECTOR = YES;
				GCC_WARN_UNINITIALIZED_AUTOS = YES_AGGRESSIVE;
				GCC_WARN_UNUSED_FUNCTION = YES;
				GCC_WARN_UNUSED_VARIABLE = YES;
				IPHONEOS_DEPLOYMENT_TARGET = 8.0;
				MTL_ENABLE_DEBUG_INFO = NO;
				SDKROOT = iphoneos;
				TARGETED_DEVICE_FAMILY = "1,2";
				VALIDATE_PRODUCT = YES;
			};
			name = Release;
		};
		EA60225A1F259757001591BC /* Debug */ = {
			isa = XCBuildConfiguration;
			baseConfigurationReference = C26CCC43230BC489E71A1304 /* Pods-TrueCallerDemo.debug.xcconfig */;
			buildSettings = {
				ASSETCATALOG_COMPILER_APPICON_NAME = AppIcon;
				DEVELOPMENT_TEAM = 2FXVJFZPXW;
				INFOPLIST_FILE = TrueCallerDemo/Info.plist;
				IPHONEOS_DEPLOYMENT_TARGET = 8.0;
				LD_RUNPATH_SEARCH_PATHS = "$(inherited) @executable_path/Frameworks";
				PRODUCT_BUNDLE_IDENTIFIER = VNG.TrueCallerDemo;
				PRODUCT_NAME = "$(TARGET_NAME)";
			};
			name = Debug;
		};
		EA60225B1F259757001591BC /* Release */ = {
			isa = XCBuildConfiguration;
			baseConfigurationReference = F7E217BF38F1D04F743C31C5 /* Pods-TrueCallerDemo.release.xcconfig */;
			buildSettings = {
				ASSETCATALOG_COMPILER_APPICON_NAME = AppIcon;
				DEVELOPMENT_TEAM = 2FXVJFZPXW;
				INFOPLIST_FILE = TrueCallerDemo/Info.plist;
				IPHONEOS_DEPLOYMENT_TARGET = 8.0;
				LD_RUNPATH_SEARCH_PATHS = "$(inherited) @executable_path/Frameworks";
				PRODUCT_BUNDLE_IDENTIFIER = VNG.TrueCallerDemo;
				PRODUCT_NAME = "$(TARGET_NAME)";
			};
			name = Release;
		};
		EA60225D1F259757001591BC /* Debug */ = {
			isa = XCBuildConfiguration;
			buildSettings = {
				BUNDLE_LOADER = "$(TEST_HOST)";
				INFOPLIST_FILE = TrueCallerDemoTests/Info.plist;
				LD_RUNPATH_SEARCH_PATHS = "$(inherited) @executable_path/Frameworks @loader_path/Frameworks";
				PRODUCT_BUNDLE_IDENTIFIER = VNG.TrueCallerDemoTests;
				PRODUCT_NAME = "$(TARGET_NAME)";
				TEST_HOST = "$(BUILT_PRODUCTS_DIR)/TrueCallerDemo.app/TrueCallerDemo";
			};
			name = Debug;
		};
		EA60225E1F259757001591BC /* Release */ = {
			isa = XCBuildConfiguration;
			buildSettings = {
				BUNDLE_LOADER = "$(TEST_HOST)";
				INFOPLIST_FILE = TrueCallerDemoTests/Info.plist;
				LD_RUNPATH_SEARCH_PATHS = "$(inherited) @executable_path/Frameworks @loader_path/Frameworks";
				PRODUCT_BUNDLE_IDENTIFIER = VNG.TrueCallerDemoTests;
				PRODUCT_NAME = "$(TARGET_NAME)";
				TEST_HOST = "$(BUILT_PRODUCTS_DIR)/TrueCallerDemo.app/TrueCallerDemo";
			};
			name = Release;
		};
		EA6022601F259757001591BC /* Debug */ = {
			isa = XCBuildConfiguration;
			buildSettings = {
				INFOPLIST_FILE = TrueCallerDemoUITests/Info.plist;
				LD_RUNPATH_SEARCH_PATHS = "$(inherited) @executable_path/Frameworks @loader_path/Frameworks";
				PRODUCT_BUNDLE_IDENTIFIER = VNG.TrueCallerDemoUITests;
				PRODUCT_NAME = "$(TARGET_NAME)";
				TEST_TARGET_NAME = TrueCallerDemo;
			};
			name = Debug;
		};
		EA6022611F259757001591BC /* Release */ = {
			isa = XCBuildConfiguration;
			buildSettings = {
				INFOPLIST_FILE = TrueCallerDemoUITests/Info.plist;
				LD_RUNPATH_SEARCH_PATHS = "$(inherited) @executable_path/Frameworks @loader_path/Frameworks";
				PRODUCT_BUNDLE_IDENTIFIER = VNG.TrueCallerDemoUITests;
				PRODUCT_NAME = "$(TARGET_NAME)";
				TEST_TARGET_NAME = TrueCallerDemo;
			};
			name = Release;
		};
/* End XCBuildConfiguration section */

/* Begin XCConfigurationList section */
		EA5EE74A1F301BFF00B30AF2 /* Build configuration list for PBXNativeTarget "TrueCaller" */ = {
			isa = XCConfigurationList;
			buildConfigurations = (
				EA5EE74B1F301BFF00B30AF2 /* Debug */,
				EA5EE74C1F301BFF00B30AF2 /* Release */,
			);
			defaultConfigurationIsVisible = 0;
			defaultConfigurationName = Release;
		};
		EA6022271F259757001591BC /* Build configuration list for PBXProject "TrueCallerDemo" */ = {
			isa = XCConfigurationList;
			buildConfigurations = (
				EA6022571F259757001591BC /* Debug */,
				EA6022581F259757001591BC /* Release */,
			);
			defaultConfigurationIsVisible = 0;
			defaultConfigurationName = Release;
		};
		EA6022591F259757001591BC /* Build configuration list for PBXNativeTarget "TrueCallerDemo" */ = {
			isa = XCConfigurationList;
			buildConfigurations = (
				EA60225A1F259757001591BC /* Debug */,
				EA60225B1F259757001591BC /* Release */,
			);
			defaultConfigurationIsVisible = 0;
			defaultConfigurationName = Release;
		};
		EA60225C1F259757001591BC /* Build configuration list for PBXNativeTarget "TrueCallerDemoTests" */ = {
			isa = XCConfigurationList;
			buildConfigurations = (
				EA60225D1F259757001591BC /* Debug */,
				EA60225E1F259757001591BC /* Release */,
			);
			defaultConfigurationIsVisible = 0;
			defaultConfigurationName = Release;
		};
		EA60225F1F259757001591BC /* Build configuration list for PBXNativeTarget "TrueCallerDemoUITests" */ = {
			isa = XCConfigurationList;
			buildConfigurations = (
				EA6022601F259757001591BC /* Debug */,
				EA6022611F259757001591BC /* Release */,
			);
			defaultConfigurationIsVisible = 0;
			defaultConfigurationName = Release;
		};
/* End XCConfigurationList section */
	};
	rootObject = EA6022241F259757001591BC /* Project object */;
}
