// !$*UTF8*$!
{
	archiveVersion = 1;
	classes = {
	};
	objectVersion = 46;
	objects = {

/* Begin PBXBuildFile section */
		EA6022311F259757001591BC /* main.m in Sources */ = {isa = PBXBuildFile; fileRef = EA6022301F259757001591BC /* main.m */; };
		EA6022341F259757001591BC /* AppDelegate.m in Sources */ = {isa = PBXBuildFile; fileRef = EA6022331F259757001591BC /* AppDelegate.m */; };
		EA6022371F259757001591BC /* ViewController.m in Sources */ = {isa = PBXBuildFile; fileRef = EA6022361F259757001591BC /* ViewController.m */; };
		EA60223A1F259757001591BC /* Main.storyboard in Resources */ = {isa = PBXBuildFile; fileRef = EA6022381F259757001591BC /* Main.storyboard */; };
		EA60223C1F259757001591BC /* Assets.xcassets in Resources */ = {isa = PBXBuildFile; fileRef = EA60223B1F259757001591BC /* Assets.xcassets */; };
		EA60223F1F259757001591BC /* LaunchScreen.storyboard in Resources */ = {isa = PBXBuildFile; fileRef = EA60223D1F259757001591BC /* LaunchScreen.storyboard */; };
		EA60224A1F259757001591BC /* TrueCallerDemoTests.m in Sources */ = {isa = PBXBuildFile; fileRef = EA6022491F259757001591BC /* TrueCallerDemoTests.m */; };
		EA6022551F259757001591BC /* TrueCallerDemoUITests.m in Sources */ = {isa = PBXBuildFile; fileRef = EA6022541F259757001591BC /* TrueCallerDemoUITests.m */; };
/* End PBXBuildFile section */

/* Begin PBXContainerItemProxy section */
		EA6022461F259757001591BC /* PBXContainerItemProxy */ = {
			isa = PBXContainerItemProxy;
			containerPortal = EA6022241F259757001591BC /* Project object */;
			proxyType = 1;
			remoteGlobalIDString = EA60222B1F259757001591BC;
			remoteInfo = TrueCallerDemo;
		};
		EA6022511F259757001591BC /* PBXContainerItemProxy */ = {
			isa = PBXContainerItemProxy;
			containerPortal = EA6022241F259757001591BC /* Project object */;
			proxyType = 1;
			remoteGlobalIDString = EA60222B1F259757001591BC;
			remoteInfo = TrueCallerDemo;
		};
/* End PBXContainerItemProxy section */

/* Begin PBXFileReference section */
		EA60222C1F259757001591BC /* TrueCallerDemo.app */ = {isa = PBXFileReference; explicitFileType = wrapper.application; includeInIndex = 0; path = TrueCallerDemo.app; sourceTree = BUILT_PRODUCTS_DIR; };
		EA6022301F259757001591BC /* main.m */ = {isa = PBXFileReference; lastKnownFileType = sourcecode.c.objc; path = main.m; sourceTree = "<group>"; };
		EA6022321F259757001591BC /* AppDelegate.h */ = {isa = PBXFileReference; lastKnownFileType = sourcecode.c.h; path = AppDelegate.h; sourceTree = "<group>"; };
		EA6022331F259757001591BC /* AppDelegate.m */ = {isa = PBXFileReference; lastKnownFileType = sourcecode.c.objc; path = AppDelegate.m; sourceTree = "<group>"; };
		EA6022351F259757001591BC /* ViewController.h */ = {isa = PBXFileReference; lastKnownFileType = sourcecode.c.h; path = ViewController.h; sourceTree = "<group>"; };
		EA6022361F259757001591BC /* ViewController.m */ = {isa = PBXFileReference; lastKnownFileType = sourcecode.c.objc; path = ViewController.m; sourceTree = "<group>"; };
		EA6022391F259757001591BC /* Base */ = {isa = PBXFileReference; lastKnownFileType = file.storyboard; name = Base; path = Base.lproj/Main.storyboard; sourceTree = "<group>"; };
		EA60223B1F259757001591BC /* Assets.xcassets */ = {isa = PBXFileReference; lastKnownFileType = folder.assetcatalog; path = Assets.xcassets; sourceTree = "<group>"; };
		EA60223E1F259757001591BC /* Base */ = {isa = PBXFileReference; lastKnownFileType = file.storyboard; name = Base; path = Base.lproj/LaunchScreen.storyboard; sourceTree = "<group>"; };
		EA6022401F259757001591BC /* Info.plist */ = {isa = PBXFileReference; lastKnownFileType = text.plist.xml; path = Info.plist; sourceTree = "<group>"; };
		EA6022451F259757001591BC /* TrueCallerDemoTests.xctest */ = {isa = PBXFileReference; explicitFileType = wrapper.cfbundle; includeInIndex = 0; path = TrueCallerDemoTests.xctest; sourceTree = BUILT_PRODUCTS_DIR; };
		EA6022491F259757001591BC /* TrueCallerDemoTests.m */ = {isa = PBXFileReference; lastKnownFileType = sourcecode.c.objc; path = TrueCallerDemoTests.m; sourceTree = "<group>"; };
		EA60224B1F259757001591BC /* Info.plist */ = {isa = PBXFileReference; lastKnownFileType = text.plist.xml; path = Info.plist; sourceTree = "<group>"; };
		EA6022501F259757001591BC /* TrueCallerDemoUITests.xctest */ = {isa = PBXFileReference; explicitFileType = wrapper.cfbundle; includeInIndex = 0; path = TrueCallerDemoUITests.xctest; sourceTree = BUILT_PRODUCTS_DIR; };
		EA6022541F259757001591BC /* TrueCallerDemoUITests.m */ = {isa = PBXFileReference; lastKnownFileType = sourcecode.c.objc; path = TrueCallerDemoUITests.m; sourceTree = "<group>"; };
		EA6022561F259757001591BC /* Info.plist */ = {isa = PBXFileReference; lastKnownFileType = text.plist.xml; path = Info.plist; sourceTree = "<group>"; };
/* End PBXFileReference section */

/* Begin PBXFrameworksBuildPhase section */
		EA6022291F259757001591BC /* Frameworks */ = {
			isa = PBXFrameworksBuildPhase;
			buildActionMask = 2147483647;
			files = (
			);
			runOnlyForDeploymentPostprocessing = 0;
		};
		EA6022421F259757001591BC /* Frameworks */ = {
			isa = PBXFrameworksBuildPhase;
			buildActionMask = 2147483647;
			files = (
			);
			runOnlyForDeploymentPostprocessing = 0;
		};
		EA60224D1F259757001591BC /* Frameworks */ = {
			isa = PBXFrameworksBuildPhase;
			buildActionMask = 2147483647;
			files = (
			);
			runOnlyForDeploymentPostprocessing = 0;
		};
/* End PBXFrameworksBuildPhase section */

/* Begin PBXGroup section */
		EA6022231F259757001591BC = {
			isa = PBXGroup;
			children = (
				EA60222E1F259757001591BC /* TrueCallerDemo */,
				EA6022481F259757001591BC /* TrueCallerDemoTests */,
				EA6022531F259757001591BC /* TrueCallerDemoUITests */,
				EA60222D1F259757001591BC /* Products */,
			);
			sourceTree = "<group>";
		};
		EA60222D1F259757001591BC /* Products */ = {
			isa = PBXGroup;
			children = (
				EA60222C1F259757001591BC /* TrueCallerDemo.app */,
				EA6022451F259757001591BC /* TrueCallerDemoTests.xctest */,
				EA6022501F259757001591BC /* TrueCallerDemoUITests.xctest */,
			);
			name = Products;
			sourceTree = "<group>";
		};
		EA60222E1F259757001591BC /* TrueCallerDemo */ = {
			isa = PBXGroup;
			children = (
				EA6022321F259757001591BC /* AppDelegate.h */,
				EA6022331F259757001591BC /* AppDelegate.m */,
				EA6022351F259757001591BC /* ViewController.h */,
				EA6022361F259757001591BC /* ViewController.m */,
				EA6022381F259757001591BC /* Main.storyboard */,
				EA60223B1F259757001591BC /* Assets.xcassets */,
				EA60223D1F259757001591BC /* LaunchScreen.storyboard */,
				EA6022401F259757001591BC /* Info.plist */,
				EA60222F1F259757001591BC /* Supporting Files */,
			);
			path = TrueCallerDemo;
			sourceTree = "<group>";
		};
		EA60222F1F259757001591BC /* Supporting Files */ = {
			isa = PBXGroup;
			children = (
				EA6022301F259757001591BC /* main.m */,
			);
			name = "Supporting Files";
			sourceTree = "<group>";
		};
		EA6022481F259757001591BC /* TrueCallerDemoTests */ = {
			isa = PBXGroup;
			children = (
				EA6022491F259757001591BC /* TrueCallerDemoTests.m */,
				EA60224B1F259757001591BC /* Info.plist */,
			);
			path = TrueCallerDemoTests;
			sourceTree = "<group>";
		};
		EA6022531F259757001591BC /* TrueCallerDemoUITests */ = {
			isa = PBXGroup;
			children = (
				EA6022541F259757001591BC /* TrueCallerDemoUITests.m */,
				EA6022561F259757001591BC /* Info.plist */,
			);
			path = TrueCallerDemoUITests;
			sourceTree = "<group>";
		};
/* End PBXGroup section */

/* Begin PBXNativeTarget section */
		EA60222B1F259757001591BC /* TrueCallerDemo */ = {
			isa = PBXNativeTarget;
			buildConfigurationList = EA6022591F259757001591BC /* Build configuration list for PBXNativeTarget "TrueCallerDemo" */;
			buildPhases = (
				EA6022281F259757001591BC /* Sources */,
				EA6022291F259757001591BC /* Frameworks */,
				EA60222A1F259757001591BC /* Resources */,
			);
			buildRules = (
			);
			dependencies = (
			);
			name = TrueCallerDemo;
			productName = TrueCallerDemo;
			productReference = EA60222C1F259757001591BC /* TrueCallerDemo.app */;
			productType = "com.apple.product-type.application";
		};
		EA6022441F259757001591BC /* TrueCallerDemoTests */ = {
			isa = PBXNativeTarget;
			buildConfigurationList = EA60225C1F259757001591BC /* Build configuration list for PBXNativeTarget "TrueCallerDemoTests" */;
			buildPhases = (
				EA6022411F259757001591BC /* Sources */,
				EA6022421F259757001591BC /* Frameworks */,
				EA6022431F259757001591BC /* Resources */,
			);
			buildRules = (
			);
			dependencies = (
				EA6022471F259757001591BC /* PBXTargetDependency */,
			);
			name = TrueCallerDemoTests;
			productName = TrueCallerDemoTests;
			productReference = EA6022451F259757001591BC /* TrueCallerDemoTests.xctest */;
			productType = "com.apple.product-type.bundle.unit-test";
		};
		EA60224F1F259757001591BC /* TrueCallerDemoUITests */ = {
			isa = PBXNativeTarget;
			buildConfigurationList = EA60225F1F259757001591BC /* Build configuration list for PBXNativeTarget "TrueCallerDemoUITests" */;
			buildPhases = (
				EA60224C1F259757001591BC /* Sources */,
				EA60224D1F259757001591BC /* Frameworks */,
				EA60224E1F259757001591BC /* Resources */,
			);
			buildRules = (
			);
			dependencies = (
				EA6022521F259757001591BC /* PBXTargetDependency */,
			);
			name = TrueCallerDemoUITests;
			productName = TrueCallerDemoUITests;
			productReference = EA6022501F259757001591BC /* TrueCallerDemoUITests.xctest */;
			productType = "com.apple.product-type.bundle.ui-testing";
		};
/* End PBXNativeTarget section */

/* Begin PBXProject section */
		EA6022241F259757001591BC /* Project object */ = {
			isa = PBXProject;
			attributes = {
				LastUpgradeCheck = 0830;
				ORGANIZATIONNAME = "Doan Van Vu";
				TargetAttributes = {
					EA60222B1F259757001591BC = {
						CreatedOnToolsVersion = 8.3.3;
						ProvisioningStyle = Automatic;
					};
					EA6022441F259757001591BC = {
						CreatedOnToolsVersion = 8.3.3;
						ProvisioningStyle = Automatic;
						TestTargetID = EA60222B1F259757001591BC;
					};
					EA60224F1F259757001591BC = {
						CreatedOnToolsVersion = 8.3.3;
						ProvisioningStyle = Automatic;
						TestTargetID = EA60222B1F259757001591BC;
					};
				};
			};
			buildConfigurationList = EA6022271F259757001591BC /* Build configuration list for PBXProject "TrueCallerDemo" */;
			compatibilityVersion = "Xcode 3.2";
			developmentRegion = English;
			hasScannedForEncodings = 0;
			knownRegions = (
				en,
				Base,
			);
			mainGroup = EA6022231F259757001591BC;
			productRefGroup = EA60222D1F259757001591BC /* Products */;
			projectDirPath = "";
			projectRoot = "";
			targets = (
				EA60222B1F259757001591BC /* TrueCallerDemo */,
				EA6022441F259757001591BC /* TrueCallerDemoTests */,
				EA60224F1F259757001591BC /* TrueCallerDemoUITests */,
			);
		};
/* End PBXProject section */

/* Begin PBXResourcesBuildPhase section */
		EA60222A1F259757001591BC /* Resources */ = {
			isa = PBXResourcesBuildPhase;
			buildActionMask = 2147483647;
			files = (
				EA60223F1F259757001591BC /* LaunchScreen.storyboard in Resources */,
				EA60223C1F259757001591BC /* Assets.xcassets in Resources */,
				EA60223A1F259757001591BC /* Main.storyboard in Resources */,
			);
			runOnlyForDeploymentPostprocessing = 0;
		};
		EA6022431F259757001591BC /* Resources */ = {
			isa = PBXResourcesBuildPhase;
			buildActionMask = 2147483647;
			files = (
			);
			runOnlyForDeploymentPostprocessing = 0;
		};
		EA60224E1F259757001591BC /* Resources */ = {
			isa = PBXResourcesBuildPhase;
			buildActionMask = 2147483647;
			files = (
			);
			runOnlyForDeploymentPostprocessing = 0;
		};
/* End PBXResourcesBuildPhase section */

/* Begin PBXSourcesBuildPhase section */
		EA6022281F259757001591BC /* Sources */ = {
			isa = PBXSourcesBuildPhase;
			buildActionMask = 2147483647;
			files = (
				EA6022371F259757001591BC /* ViewController.m in Sources */,
				EA6022341F259757001591BC /* AppDelegate.m in Sources */,
				EA6022311F259757001591BC /* main.m in Sources */,
			);
			runOnlyForDeploymentPostprocessing = 0;
		};
		EA6022411F259757001591BC /* Sources */ = {
			isa = PBXSourcesBuildPhase;
			buildActionMask = 2147483647;
			files = (
				EA60224A1F259757001591BC /* TrueCallerDemoTests.m in Sources */,
			);
			runOnlyForDeploymentPostprocessing = 0;
		};
		EA60224C1F259757001591BC /* Sources */ = {
			isa = PBXSourcesBuildPhase;
			buildActionMask = 2147483647;
			files = (
				EA6022551F259757001591BC /* TrueCallerDemoUITests.m in Sources */,
			);
			runOnlyForDeploymentPostprocessing = 0;
		};
/* End PBXSourcesBuildPhase section */

/* Begin PBXTargetDependency section */
		EA6022471F259757001591BC /* PBXTargetDependency */ = {
			isa = PBXTargetDependency;
			target = EA60222B1F259757001591BC /* TrueCallerDemo */;
			targetProxy = EA6022461F259757001591BC /* PBXContainerItemProxy */;
		};
		EA6022521F259757001591BC /* PBXTargetDependency */ = {
			isa = PBXTargetDependency;
			target = EA60222B1F259757001591BC /* TrueCallerDemo */;
			targetProxy = EA6022511F259757001591BC /* PBXContainerItemProxy */;
		};
/* End PBXTargetDependency section */

/* Begin PBXVariantGroup section */
		EA6022381F259757001591BC /* Main.storyboard */ = {
			isa = PBXVariantGroup;
			children = (
				EA6022391F259757001591BC /* Base */,
			);
			name = Main.storyboard;
			sourceTree = "<group>";
		};
		EA60223D1F259757001591BC /* LaunchScreen.storyboard */ = {
			isa = PBXVariantGroup;
			children = (
				EA60223E1F259757001591BC /* Base */,
			);
			name = LaunchScreen.storyboard;
			sourceTree = "<group>";
		};
/* End PBXVariantGroup section */

/* Begin XCBuildConfiguration section */
		EA6022571F259757001591BC /* Debug */ = {
			isa = XCBuildConfiguration;
			buildSettings = {
				ALWAYS_SEARCH_USER_PATHS = NO;
				CLANG_ANALYZER_NONNULL = YES;
				CLANG_ANALYZER_NUMBER_OBJECT_CONVERSION = YES_AGGRESSIVE;
				CLANG_CXX_LANGUAGE_STANDARD = "gnu++0x";
				CLANG_CXX_LIBRARY = "libc++";
				CLANG_ENABLE_MODULES = YES;
				CLANG_ENABLE_OBJC_ARC = YES;
				CLANG_WARN_BOOL_CONVERSION = YES;
				CLANG_WARN_CONSTANT_CONVERSION = YES;
				CLANG_WARN_DIRECT_OBJC_ISA_USAGE = YES_ERROR;
				CLANG_WARN_DOCUMENTATION_COMMENTS = YES;
				CLANG_WARN_EMPTY_BODY = YES;
				CLANG_WARN_ENUM_CONVERSION = YES;
				CLANG_WARN_INFINITE_RECURSION = YES;
				CLANG_WARN_INT_CONVERSION = YES;
				CLANG_WARN_OBJC_ROOT_CLASS = YES_ERROR;
				CLANG_WARN_SUSPICIOUS_MOVE = YES;
				CLANG_WARN_UNREACHABLE_CODE = YES;
				CLANG_WARN__DUPLICATE_METHOD_MATCH = YES;
				"CODE_SIGN_IDENTITY[sdk=iphoneos*]" = "iPhone Developer";
				COPY_PHASE_STRIP = NO;
				DEBUG_INFORMATION_FORMAT = dwarf;
				ENABLE_STRICT_OBJC_MSGSEND = YES;
				ENABLE_TESTABILITY = YES;
				GCC_C_LANGUAGE_STANDARD = gnu99;
				GCC_DYNAMIC_NO_PIC = NO;
				GCC_NO_COMMON_BLOCKS = YES;
				GCC_OPTIMIZATION_LEVEL = 0;
				GCC_PREPROCESSOR_DEFINITIONS = (
					"DEBUG=1",
					"$(inherited)",
				);
				GCC_WARN_64_TO_32_BIT_CONVERSION = YES;
				GCC_WARN_ABOUT_RETURN_TYPE = YES_ERROR;
				GCC_WARN_UNDECLARED_SELECTOR = YES;
				GCC_WARN_UNINITIALIZED_AUTOS = YES_AGGRESSIVE;
				GCC_WARN_UNUSED_FUNCTION = YES;
				GCC_WARN_UNUSED_VARIABLE = YES;
				IPHONEOS_DEPLOYMENT_TARGET = 10.3;
				MTL_ENABLE_DEBUG_INFO = YES;
				ONLY_ACTIVE_ARCH = YES;
				SDKROOT = iphoneos;
				TARGETED_DEVICE_FAMILY = "1,2";
			};
			name = Debug;
		};
		EA6022581F259757001591BC /* Release */ = {
			isa = XCBuildConfiguration;
			buildSettings = {
				ALWAYS_SEARCH_USER_PATHS = NO;
				CLANG_ANALYZER_NONNULL = YES;
				CLANG_ANALYZER_NUMBER_OBJECT_CONVERSION = YES_AGGRESSIVE;
				CLANG_CXX_LANGUAGE_STANDARD = "gnu++0x";
				CLANG_CXX_LIBRARY = "libc++";
				CLANG_ENABLE_MODULES = YES;
				CLANG_ENABLE_OBJC_ARC = YES;
				CLANG_WARN_BOOL_CONVERSION = YES;
				CLANG_WARN_CONSTANT_CONVERSION = YES;
				CLANG_WARN_DIRECT_OBJC_ISA_USAGE = YES_ERROR;
				CLANG_WARN_DOCUMENTATION_COMMENTS = YES;
				CLANG_WARN_EMPTY_BODY = YES;
				CLANG_WARN_ENUM_CONVERSION = YES;
				CLANG_WARN_INFINITE_RECURSION = YES;
				CLANG_WARN_INT_CONVERSION = YES;
				CLANG_WARN_OBJC_ROOT_CLASS = YES_ERROR;
				CLANG_WARN_SUSPICIOUS_MOVE = YES;
				CLANG_WARN_UNREACHABLE_CODE = YES;
				CLANG_WARN__DUPLICATE_METHOD_MATCH = YES;
				"CODE_SIGN_IDENTITY[sdk=iphoneos*]" = "iPhone Developer";
				COPY_PHASE_STRIP = NO;
				DEBUG_INFORMATION_FORMAT = "dwarf-with-dsym";
				ENABLE_NS_ASSERTIONS = NO;
				ENABLE_STRICT_OBJC_MSGSEND = YES;
				GCC_C_LANGUAGE_STANDARD = gnu99;
				GCC_NO_COMMON_BLOCKS = YES;
				GCC_WARN_64_TO_32_BIT_CONVERSION = YES;
				GCC_WARN_ABOUT_RETURN_TYPE = YES_ERROR;
				GCC_WARN_UNDECLARED_SELECTOR = YES;
				GCC_WARN_UNINITIALIZED_AUTOS = YES_AGGRESSIVE;
				GCC_WARN_UNUSED_FUNCTION = YES;
				GCC_WARN_UNUSED_VARIABLE = YES;
				IPHONEOS_DEPLOYMENT_TARGET = 10.3;
				MTL_ENABLE_DEBUG_INFO = NO;
				SDKROOT = iphoneos;
				TARGETED_DEVICE_FAMILY = "1,2";
				VALIDATE_PRODUCT = YES;
			};
			name = Release;
		};
		EA60225A1F259757001591BC /* Debug */ = {
			isa = XCBuildConfiguration;
			buildSettings = {
				ASSETCATALOG_COMPILER_APPICON_NAME = AppIcon;
				INFOPLIST_FILE = TrueCallerDemo/Info.plist;
				LD_RUNPATH_SEARCH_PATHS = "$(inherited) @executable_path/Frameworks";
				PRODUCT_BUNDLE_IDENTIFIER = VNG.TrueCallerDemo;
				PRODUCT_NAME = "$(TARGET_NAME)";
			};
			name = Debug;
		};
		EA60225B1F259757001591BC /* Release */ = {
			isa = XCBuildConfiguration;
			buildSettings = {
				ASSETCATALOG_COMPILER_APPICON_NAME = AppIcon;
				INFOPLIST_FILE = TrueCallerDemo/Info.plist;
				LD_RUNPATH_SEARCH_PATHS = "$(inherited) @executable_path/Frameworks";
				PRODUCT_BUNDLE_IDENTIFIER = VNG.TrueCallerDemo;
				PRODUCT_NAME = "$(TARGET_NAME)";
			};
			name = Release;
		};
		EA60225D1F259757001591BC /* Debug */ = {
			isa = XCBuildConfiguration;
			buildSettings = {
				BUNDLE_LOADER = "$(TEST_HOST)";
				INFOPLIST_FILE = TrueCallerDemoTests/Info.plist;
				LD_RUNPATH_SEARCH_PATHS = "$(inherited) @executable_path/Frameworks @loader_path/Frameworks";
				PRODUCT_BUNDLE_IDENTIFIER = VNG.TrueCallerDemoTests;
				PRODUCT_NAME = "$(TARGET_NAME)";
				TEST_HOST = "$(BUILT_PRODUCTS_DIR)/TrueCallerDemo.app/TrueCallerDemo";
			};
			name = Debug;
		};
		EA60225E1F259757001591BC /* Release */ = {
			isa = XCBuildConfiguration;
			buildSettings = {
				BUNDLE_LOADER = "$(TEST_HOST)";
				INFOPLIST_FILE = TrueCallerDemoTests/Info.plist;
				LD_RUNPATH_SEARCH_PATHS = "$(inherited) @executable_path/Frameworks @loader_path/Frameworks";
				PRODUCT_BUNDLE_IDENTIFIER = VNG.TrueCallerDemoTests;
				PRODUCT_NAME = "$(TARGET_NAME)";
				TEST_HOST = "$(BUILT_PRODUCTS_DIR)/TrueCallerDemo.app/TrueCallerDemo";
			};
			name = Release;
		};
		EA6022601F259757001591BC /* Debug */ = {
			isa = XCBuildConfiguration;
			buildSettings = {
				INFOPLIST_FILE = TrueCallerDemoUITests/Info.plist;
				LD_RUNPATH_SEARCH_PATHS = "$(inherited) @executable_path/Frameworks @loader_path/Frameworks";
				PRODUCT_BUNDLE_IDENTIFIER = VNG.TrueCallerDemoUITests;
				PRODUCT_NAME = "$(TARGET_NAME)";
				TEST_TARGET_NAME = TrueCallerDemo;
			};
			name = Debug;
		};
		EA6022611F259757001591BC /* Release */ = {
			isa = XCBuildConfiguration;
			buildSettings = {
				INFOPLIST_FILE = TrueCallerDemoUITests/Info.plist;
				LD_RUNPATH_SEARCH_PATHS = "$(inherited) @executable_path/Frameworks @loader_path/Frameworks";
				PRODUCT_BUNDLE_IDENTIFIER = VNG.TrueCallerDemoUITests;
				PRODUCT_NAME = "$(TARGET_NAME)";
				TEST_TARGET_NAME = TrueCallerDemo;
			};
			name = Release;
		};
/* End XCBuildConfiguration section */

/* Begin XCConfigurationList section */
		EA6022271F259757001591BC /* Build configuration list for PBXProject "TrueCallerDemo" */ = {
			isa = XCConfigurationList;
			buildConfigurations = (
				EA6022571F259757001591BC /* Debug */,
				EA6022581F259757001591BC /* Release */,
			);
			defaultConfigurationIsVisible = 0;
			defaultConfigurationName = Release;
		};
		EA6022591F259757001591BC /* Build configuration list for PBXNativeTarget "TrueCallerDemo" */ = {
			isa = XCConfigurationList;
			buildConfigurations = (
				EA60225A1F259757001591BC /* Debug */,
				EA60225B1F259757001591BC /* Release */,
			);
			defaultConfigurationIsVisible = 0;
		};
		EA60225C1F259757001591BC /* Build configuration list for PBXNativeTarget "TrueCallerDemoTests" */ = {
			isa = XCConfigurationList;
			buildConfigurations = (
				EA60225D1F259757001591BC /* Debug */,
				EA60225E1F259757001591BC /* Release */,
			);
			defaultConfigurationIsVisible = 0;
		};
		EA60225F1F259757001591BC /* Build configuration list for PBXNativeTarget "TrueCallerDemoUITests" */ = {
			isa = XCConfigurationList;
			buildConfigurations = (
				EA6022601F259757001591BC /* Debug */,
				EA6022611F259757001591BC /* Release */,
			);
			defaultConfigurationIsVisible = 0;
		};
/* End XCConfigurationList section */
	};
	rootObject = EA6022241F259757001591BC /* Project object */;
}
